// !$*UTF8*$!
{
	archiveVersion = 1;
	classes = {
	};
	objectVersion = 55;
	objects = {

/* Begin PBXBuildFile section */
		290BA36328B58474008123B4 /* Logo.swift in Sources */ = {isa = PBXBuildFile; fileRef = 290BA36228B58474008123B4 /* Logo.swift */; };
		290BA36528B5847B008123B4 /* CompanyInfo.swift in Sources */ = {isa = PBXBuildFile; fileRef = 290BA36428B5847B008123B4 /* CompanyInfo.swift */; };
		290BA36728B58483008123B4 /* Stats.swift in Sources */ = {isa = PBXBuildFile; fileRef = 290BA36628B58483008123B4 /* Stats.swift */; };
		290BA36928B5848D008123B4 /* News.swift in Sources */ = {isa = PBXBuildFile; fileRef = 290BA36828B5848D008123B4 /* News.swift */; };
		290BA36B28B58494008123B4 /* Dividends.swift in Sources */ = {isa = PBXBuildFile; fileRef = 290BA36A28B58494008123B4 /* Dividends.swift */; };
		290BA36D28B5849D008123B4 /* InstitutionalOwnership.swift in Sources */ = {isa = PBXBuildFile; fileRef = 290BA36C28B5849D008123B4 /* InstitutionalOwnership.swift */; };
		290BA36F28B584A4008123B4 /* InsiderTransactions.swift in Sources */ = {isa = PBXBuildFile; fileRef = 290BA36E28B584A4008123B4 /* InsiderTransactions.swift */; };
		290BA37128B584AA008123B4 /* CeoCompensation.swift in Sources */ = {isa = PBXBuildFile; fileRef = 290BA37028B584AA008123B4 /* CeoCompensation.swift */; };
		290BA37328B584B2008123B4 /* DividendsForcast.swift in Sources */ = {isa = PBXBuildFile; fileRef = 290BA37228B584B2008123B4 /* DividendsForcast.swift */; };
		290BA37528B584BD008123B4 /* AnalystRatings.swift in Sources */ = {isa = PBXBuildFile; fileRef = 290BA37428B584BD008123B4 /* AnalystRatings.swift */; };
		2912A62C28D14EDC00062361 /* FundamentalViewContainer.swift in Sources */ = {isa = PBXBuildFile; fileRef = 2912A62B28D14EDC00062361 /* FundamentalViewContainer.swift */; };
		2912A62E28D1550200062361 /* ChartView.swift in Sources */ = {isa = PBXBuildFile; fileRef = 2912A62D28D1550200062361 /* ChartView.swift */; };
		2912A63328D24F4700062361 /* HeaderFlipViews.swift in Sources */ = {isa = PBXBuildFile; fileRef = 2912A63228D24F4700062361 /* HeaderFlipViews.swift */; };
		2912A63528D24F8800062361 /* FlexibleView.swift in Sources */ = {isa = PBXBuildFile; fileRef = 2912A63428D24F8800062361 /* FlexibleView.swift */; };
		2912A63728D24FB500062361 /* CompanyHeaderDataView.swift in Sources */ = {isa = PBXBuildFile; fileRef = 2912A63628D24FB500062361 /* CompanyHeaderDataView.swift */; };
		2912A63A28D2507300062361 /* Double+StringFormat.swift in Sources */ = {isa = PBXBuildFile; fileRef = 2912A63928D2507300062361 /* Double+StringFormat.swift */; };
		2912A63D28D250B600062361 /* Date+UpdateHour.swift in Sources */ = {isa = PBXBuildFile; fileRef = 2912A63C28D250B600062361 /* Date+UpdateHour.swift */; };
		2912A63F28D2528100062361 /* ChartDataPoint.swift in Sources */ = {isa = PBXBuildFile; fileRef = 2912A63E28D2528100062361 /* ChartDataPoint.swift */; };
		2912A64228D256DE00062361 /* SalaryInfoView.swift in Sources */ = {isa = PBXBuildFile; fileRef = 2912A64128D256DE00062361 /* SalaryInfoView.swift */; };
		2912A64428D2570F00062361 /* CEOFlipViews.swift in Sources */ = {isa = PBXBuildFile; fileRef = 2912A64328D2570F00062361 /* CEOFlipViews.swift */; };
		2912A64628D2577500062361 /* CEOHeaderView.swift in Sources */ = {isa = PBXBuildFile; fileRef = 2912A64528D2577500062361 /* CEOHeaderView.swift */; };
		2912A64828D2579D00062361 /* CEOCompensationView.swift in Sources */ = {isa = PBXBuildFile; fileRef = 2912A64728D2579D00062361 /* CEOCompensationView.swift */; };
		2912A64B28D259BA00062361 /* AnalystFlipViews.swift in Sources */ = {isa = PBXBuildFile; fileRef = 2912A64A28D259BA00062361 /* AnalystFlipViews.swift */; };
		2912A64F28D25A0E00062361 /* BarGraph.swift in Sources */ = {isa = PBXBuildFile; fileRef = 2912A64E28D25A0E00062361 /* BarGraph.swift */; };
		2912A65128D25A9400062361 /* StockDataPoint.swift in Sources */ = {isa = PBXBuildFile; fileRef = 2912A65028D25A9400062361 /* StockDataPoint.swift */; };
		2912A65428D271BC00062361 /* FundamentalStatsView.swift in Sources */ = {isa = PBXBuildFile; fileRef = 2912A65328D271BC00062361 /* FundamentalStatsView.swift */; };
		2912A65628D2724F00062361 /* FundamentalFlippingViews.swift in Sources */ = {isa = PBXBuildFile; fileRef = 2912A65528D2724F00062361 /* FundamentalFlippingViews.swift */; };
		2912A65928D2728E00062361 /* DividendsFlippingViews.swift in Sources */ = {isa = PBXBuildFile; fileRef = 2912A65828D2728E00062361 /* DividendsFlippingViews.swift */; };
		2912A65B28D272BD00062361 /* DividendsData.swift in Sources */ = {isa = PBXBuildFile; fileRef = 2912A65A28D272BD00062361 /* DividendsData.swift */; };
		2912A65D28D3EB2900062361 /* Sentiment.swift in Sources */ = {isa = PBXBuildFile; fileRef = 2912A65C28D3EB2900062361 /* Sentiment.swift */; };
		2912A66128D3F5B500062361 /* SocialMediaCellSubView.swift in Sources */ = {isa = PBXBuildFile; fileRef = 2912A66028D3F5B500062361 /* SocialMediaCellSubView.swift */; };
		2912A67F28D7964100062361 /* SocialMediaCellViewModel.swift in Sources */ = {isa = PBXBuildFile; fileRef = 2912A67E28D7964100062361 /* SocialMediaCellViewModel.swift */; };
		292317D228397DD300460F81 /* OnboardingContainerViewController.swift in Sources */ = {isa = PBXBuildFile; fileRef = 292317D128397DD300460F81 /* OnboardingContainerViewController.swift */; };
		292317D428397DEE00460F81 /* OnboardingViewController.swift in Sources */ = {isa = PBXBuildFile; fileRef = 292317D328397DEE00460F81 /* OnboardingViewController.swift */; };
		292317D728397F2600460F81 /* LocalState.swift in Sources */ = {isa = PBXBuildFile; fileRef = 292317D628397F2600460F81 /* LocalState.swift */; };
		292317D9283981E900460F81 /* RequestWatchlistViewController.swift in Sources */ = {isa = PBXBuildFile; fileRef = 292317D8283981E900460F81 /* RequestWatchlistViewController.swift */; };
		292317DC28398E3A00460F81 /* APIService.swift in Sources */ = {isa = PBXBuildFile; fileRef = 292317DB28398E3A00460F81 /* APIService.swift */; };
		292317DF28398E6500460F81 /* SearchResults.swift in Sources */ = {isa = PBXBuildFile; fileRef = 292317DE28398E6500460F81 /* SearchResults.swift */; };
		292317E62839A1DD00460F81 /* Stock+CoreDataClass.swift in Sources */ = {isa = PBXBuildFile; fileRef = 292317E42839A1DD00460F81 /* Stock+CoreDataClass.swift */; };
		292317E72839A1DD00460F81 /* Stock+CoreDataProperties.swift in Sources */ = {isa = PBXBuildFile; fileRef = 292317E52839A1DD00460F81 /* Stock+CoreDataProperties.swift */; };
		29253EDC28E0F82700C9B148 /* FirstSplashView.swift in Sources */ = {isa = PBXBuildFile; fileRef = 29253EDB28E0F82700C9B148 /* FirstSplashView.swift */; };
		29253EE228E0FA2400C9B148 /* ColoredGroupBox.swift in Sources */ = {isa = PBXBuildFile; fileRef = 29253EE128E0FA2400C9B148 /* ColoredGroupBox.swift */; };
		29253EE428E0FA3900C9B148 /* StockSelectionSplashView.swift in Sources */ = {isa = PBXBuildFile; fileRef = 29253EE328E0FA3900C9B148 /* StockSelectionSplashView.swift */; };
		29253EE628E0FA5300C9B148 /* ButtonView.swift in Sources */ = {isa = PBXBuildFile; fileRef = 29253EE528E0FA5300C9B148 /* ButtonView.swift */; };
		29253EE828E0FA6900C9B148 /* WatchlistManager.swift in Sources */ = {isa = PBXBuildFile; fileRef = 29253EE728E0FA6900C9B148 /* WatchlistManager.swift */; };
		29253EEA28E1297100C9B148 /* Currency.swift in Sources */ = {isa = PBXBuildFile; fileRef = 29253EE928E1297100C9B148 /* Currency.swift */; };
		29253EEC28E12B4700C9B148 /* CurrencyView.swift in Sources */ = {isa = PBXBuildFile; fileRef = 29253EEB28E12B4700C9B148 /* CurrencyView.swift */; };
		29253EEE28E12B6100C9B148 /* CurrencyViewModel.swift in Sources */ = {isa = PBXBuildFile; fileRef = 29253EED28E12B6100C9B148 /* CurrencyViewModel.swift */; };
		29262AE428D000D900BA3E1F /* ViewModelStates.swift in Sources */ = {isa = PBXBuildFile; fileRef = 29262AE328D000D900BA3E1F /* ViewModelStates.swift */; };
		29262B0A28D1464200BA3E1F /* View+ReadSize.swift in Sources */ = {isa = PBXBuildFile; fileRef = 29262B0928D1464200BA3E1F /* View+ReadSize.swift */; };
		29293C42288786B6006D7EF8 /* NewsTableViewCell.swift in Sources */ = {isa = PBXBuildFile; fileRef = 29293C41288786B6006D7EF8 /* NewsTableViewCell.swift */; };
		2938FC7E288F7E6300137BBB /* FundamentalDataView.swift in Sources */ = {isa = PBXBuildFile; fileRef = 2938FC7D288F7E6300137BBB /* FundamentalDataView.swift */; };
		293B69C52860D85200BE90B9 /* Endpoint.swift in Sources */ = {isa = PBXBuildFile; fileRef = 293B69C42860D85200BE90B9 /* Endpoint.swift */; };
		293B69C72860D9BB00BE90B9 /* HTTPClient.swift in Sources */ = {isa = PBXBuildFile; fileRef = 293B69C62860D9BB00BE90B9 /* HTTPClient.swift */; };
		293B69C92860D9DB00BE90B9 /* RequestError.swift in Sources */ = {isa = PBXBuildFile; fileRef = 293B69C82860D9DB00BE90B9 /* RequestError.swift */; };
		293B69CB2860DC2D00BE90B9 /* IEXApiService.swift in Sources */ = {isa = PBXBuildFile; fileRef = 293B69CA2860DC2D00BE90B9 /* IEXApiService.swift */; };
		293B69CD2860DCDE00BE90B9 /* IEXEndpoint.swift in Sources */ = {isa = PBXBuildFile; fileRef = 293B69CC2860DCDE00BE90B9 /* IEXEndpoint.swift */; };
		293B69D22861263400BE90B9 /* NewsSentimentModels.swift in Sources */ = {isa = PBXBuildFile; fileRef = 293B69D12861263400BE90B9 /* NewsSentimentModels.swift */; };
		293B8F28288772640057AEBE /* SocialMediaSummaryCell.swift in Sources */ = {isa = PBXBuildFile; fileRef = 293B8F27288772640057AEBE /* SocialMediaSummaryCell.swift */; };
		293B8F2A288774B40057AEBE /* SocialMediaCell.swift in Sources */ = {isa = PBXBuildFile; fileRef = 293B8F29288774B40057AEBE /* SocialMediaCell.swift */; };
		294920F3286D4BCF00E2653B /* DashboardViewController.swift in Sources */ = {isa = PBXBuildFile; fileRef = 294920F2286D4BCF00E2653B /* DashboardViewController.swift */; };
		294920F6286D4C5700E2653B /* GreetingView.swift in Sources */ = {isa = PBXBuildFile; fileRef = 294920F5286D4C5700E2653B /* GreetingView.swift */; };
		294920FA286D529C00E2653B /* CalendarView.swift in Sources */ = {isa = PBXBuildFile; fileRef = 294920F9286D529C00E2653B /* CalendarView.swift */; };
		294920FF286D55B600E2653B /* CompanyHeaderView.swift in Sources */ = {isa = PBXBuildFile; fileRef = 294920FE286D55B600E2653B /* CompanyHeaderView.swift */; };
		29492101286D55F200E2653B /* FirstTechnicalView.swift in Sources */ = {isa = PBXBuildFile; fileRef = 29492100286D55F200E2653B /* FirstTechnicalView.swift */; };
		29492105286D576A00E2653B /* AnalystRatingView.swift in Sources */ = {isa = PBXBuildFile; fileRef = 29492104286D576A00E2653B /* AnalystRatingView.swift */; };
		29492107286D579700E2653B /* DividendsForcastView.swift in Sources */ = {isa = PBXBuildFile; fileRef = 29492106286D579700E2653B /* DividendsForcastView.swift */; };
		29492109286D57D300E2653B /* CEODataView.swift in Sources */ = {isa = PBXBuildFile; fileRef = 29492108286D57D300E2653B /* CEODataView.swift */; };
		2951BD7328B6D1250083C10A /* NewsHeaderView.swift in Sources */ = {isa = PBXBuildFile; fileRef = 2951BD7228B6D1250083C10A /* NewsHeaderView.swift */; };
		2951BD7628B81F7C0083C10A /* WatchlistCellView.swift in Sources */ = {isa = PBXBuildFile; fileRef = 2951BD7528B81F7C0083C10A /* WatchlistCellView.swift */; };
		2951BD7828B81FA70083C10A /* WatchlistView.swift in Sources */ = {isa = PBXBuildFile; fileRef = 2951BD7728B81FA70083C10A /* WatchlistView.swift */; };
		2951BD7A28B81FE50083C10A /* DummyData.swift in Sources */ = {isa = PBXBuildFile; fileRef = 2951BD7928B81FE50083C10A /* DummyData.swift */; };
		296D355028E27D24000198CC /* Analyst.swift in Sources */ = {isa = PBXBuildFile; fileRef = 296D354F28E27D24000198CC /* Analyst.swift */; };
		2981E2A128D80933008185FC /* NSNotification+SentimentScore.swift in Sources */ = {isa = PBXBuildFile; fileRef = 2981E2A028D80933008185FC /* NSNotification+SentimentScore.swift */; };
		29954FC0283971430086949E /* AppDelegate.swift in Sources */ = {isa = PBXBuildFile; fileRef = 29954FBF283971430086949E /* AppDelegate.swift */; };
		29954FC4283971430086949E /* FirstViewController.swift in Sources */ = {isa = PBXBuildFile; fileRef = 29954FC3283971430086949E /* FirstViewController.swift */; };
		29954FCA283971430086949E /* iOS_UIKit_Finance_App.xcdatamodeld in Sources */ = {isa = PBXBuildFile; fileRef = 29954FC8283971430086949E /* iOS_UIKit_Finance_App.xcdatamodeld */; };
		29954FCC283971440086949E /* Assets.xcassets in Resources */ = {isa = PBXBuildFile; fileRef = 29954FCB283971440086949E /* Assets.xcassets */; };
		29954FCF283971440086949E /* LaunchScreen.storyboard in Resources */ = {isa = PBXBuildFile; fileRef = 29954FCD283971440086949E /* LaunchScreen.storyboard */; };
		29BF093B283AB3EA004FBB29 /* UIViewController+TabBarImage.swift in Sources */ = {isa = PBXBuildFile; fileRef = 29BF093A283AB3EA004FBB29 /* UIViewController+TabBarImage.swift */; };
		29BF0940283AB699004FBB29 /* NewsViewController.swift in Sources */ = {isa = PBXBuildFile; fileRef = 29BF093F283AB699004FBB29 /* NewsViewController.swift */; };
		29BF0942283AB6A6004FBB29 /* SocialMediaViewController.swift in Sources */ = {isa = PBXBuildFile; fileRef = 29BF0941283AB6A6004FBB29 /* SocialMediaViewController.swift */; };
		29BF0948283ABAA6004FBB29 /* APIParser.swift in Sources */ = {isa = PBXBuildFile; fileRef = 29BF0947283ABAA6004FBB29 /* APIParser.swift */; };
		29D1B505288A15EB0000C15B /* SentimentDialView.swift in Sources */ = {isa = PBXBuildFile; fileRef = 29D1B504288A15EB0000C15B /* SentimentDialView.swift */; };
		29D61D9D284524CD00E602D7 /* URLSession+Request.swift in Sources */ = {isa = PBXBuildFile; fileRef = 29D61D9C284524CD00E602D7 /* URLSession+Request.swift */; };
		29E02D1628DABA7900791F0B /* NewsCellSubView.swift in Sources */ = {isa = PBXBuildFile; fileRef = 29E02D1528DABA7900791F0B /* NewsCellSubView.swift */; };
		29E02D1828DABE8C00791F0B /* NewsViewModel.swift in Sources */ = {isa = PBXBuildFile; fileRef = 29E02D1728DABE8C00791F0B /* NewsViewModel.swift */; };
		29E907D028E297F600D5935E /* DividendHistory.swift in Sources */ = {isa = PBXBuildFile; fileRef = 29E907CF28E297F600D5935E /* DividendHistory.swift */; };
		29F1B3A428723E10002BCA20 /* CompanyHeaderViewModel.swift in Sources */ = {isa = PBXBuildFile; fileRef = 29F1B3A328723E10002BCA20 /* CompanyHeaderViewModel.swift */; };
		29F1B3A628723EAC002BCA20 /* CompanyTechnicalDataViewModel.swift in Sources */ = {isa = PBXBuildFile; fileRef = 29F1B3A528723EAC002BCA20 /* CompanyTechnicalDataViewModel.swift */; };
		29F1B3A828723ED1002BCA20 /* CompanyPriceDataViewModel.swift in Sources */ = {isa = PBXBuildFile; fileRef = 29F1B3A728723ED1002BCA20 /* CompanyPriceDataViewModel.swift */; };
		29F1B3AA28723EDB002BCA20 /* AnalystRatingViewModel.swift in Sources */ = {isa = PBXBuildFile; fileRef = 29F1B3A928723EDB002BCA20 /* AnalystRatingViewModel.swift */; };
		29F1B3AC28723EEB002BCA20 /* DividendsForcastViewModel.swift in Sources */ = {isa = PBXBuildFile; fileRef = 29F1B3AB28723EEB002BCA20 /* DividendsForcastViewModel.swift */; };
		29F1B3AE28723EF3002BCA20 /* CEODataViewModel.swift in Sources */ = {isa = PBXBuildFile; fileRef = 29F1B3AD28723EF3002BCA20 /* CEODataViewModel.swift */; };
		29FD50F828DFB3AB00456095 /* GreetingViewModel.swift in Sources */ = {isa = PBXBuildFile; fileRef = 29FD50F728DFB3AB00456095 /* GreetingViewModel.swift */; };
		29FD50FA28DFE54E00456095 /* SectorsView.swift in Sources */ = {isa = PBXBuildFile; fileRef = 29FD50F928DFE54E00456095 /* SectorsView.swift */; };
		29FD50FD28E0042A00456095 /* SmallCellView.swift in Sources */ = {isa = PBXBuildFile; fileRef = 29FD50FC28E0042A00456095 /* SmallCellView.swift */; };
		29FD50FF28E004B500456095 /* Sector.swift in Sources */ = {isa = PBXBuildFile; fileRef = 29FD50FE28E004B500456095 /* Sector.swift */; };
		29FD510128E007BC00456095 /* SectorsViewModel.swift in Sources */ = {isa = PBXBuildFile; fileRef = 29FD510028E007BC00456095 /* SectorsViewModel.swift */; };
/* End PBXBuildFile section */

/* Begin PBXFileReference section */
		290BA36228B58474008123B4 /* Logo.swift */ = {isa = PBXFileReference; lastKnownFileType = sourcecode.swift; path = Logo.swift; sourceTree = "<group>"; };
		290BA36428B5847B008123B4 /* CompanyInfo.swift */ = {isa = PBXFileReference; lastKnownFileType = sourcecode.swift; path = CompanyInfo.swift; sourceTree = "<group>"; };
		290BA36628B58483008123B4 /* Stats.swift */ = {isa = PBXFileReference; lastKnownFileType = sourcecode.swift; path = Stats.swift; sourceTree = "<group>"; };
		290BA36828B5848D008123B4 /* News.swift */ = {isa = PBXFileReference; lastKnownFileType = sourcecode.swift; path = News.swift; sourceTree = "<group>"; };
		290BA36A28B58494008123B4 /* Dividends.swift */ = {isa = PBXFileReference; lastKnownFileType = sourcecode.swift; path = Dividends.swift; sourceTree = "<group>"; };
		290BA36C28B5849D008123B4 /* InstitutionalOwnership.swift */ = {isa = PBXFileReference; lastKnownFileType = sourcecode.swift; path = InstitutionalOwnership.swift; sourceTree = "<group>"; };
		290BA36E28B584A4008123B4 /* InsiderTransactions.swift */ = {isa = PBXFileReference; lastKnownFileType = sourcecode.swift; path = InsiderTransactions.swift; sourceTree = "<group>"; };
		290BA37028B584AA008123B4 /* CeoCompensation.swift */ = {isa = PBXFileReference; lastKnownFileType = sourcecode.swift; path = CeoCompensation.swift; sourceTree = "<group>"; };
		290BA37228B584B2008123B4 /* DividendsForcast.swift */ = {isa = PBXFileReference; lastKnownFileType = sourcecode.swift; path = DividendsForcast.swift; sourceTree = "<group>"; };
		290BA37428B584BD008123B4 /* AnalystRatings.swift */ = {isa = PBXFileReference; lastKnownFileType = sourcecode.swift; path = AnalystRatings.swift; sourceTree = "<group>"; };
		2912A62B28D14EDC00062361 /* FundamentalViewContainer.swift */ = {isa = PBXFileReference; lastKnownFileType = sourcecode.swift; path = FundamentalViewContainer.swift; sourceTree = "<group>"; };
		2912A62D28D1550200062361 /* ChartView.swift */ = {isa = PBXFileReference; lastKnownFileType = sourcecode.swift; path = ChartView.swift; sourceTree = "<group>"; };
		2912A63228D24F4700062361 /* HeaderFlipViews.swift */ = {isa = PBXFileReference; lastKnownFileType = sourcecode.swift; path = HeaderFlipViews.swift; sourceTree = "<group>"; };
		2912A63428D24F8800062361 /* FlexibleView.swift */ = {isa = PBXFileReference; lastKnownFileType = sourcecode.swift; path = FlexibleView.swift; sourceTree = "<group>"; };
		2912A63628D24FB500062361 /* CompanyHeaderDataView.swift */ = {isa = PBXFileReference; lastKnownFileType = sourcecode.swift; path = CompanyHeaderDataView.swift; sourceTree = "<group>"; };
		2912A63928D2507300062361 /* Double+StringFormat.swift */ = {isa = PBXFileReference; lastKnownFileType = sourcecode.swift; path = "Double+StringFormat.swift"; sourceTree = "<group>"; };
		2912A63C28D250B600062361 /* Date+UpdateHour.swift */ = {isa = PBXFileReference; lastKnownFileType = sourcecode.swift; path = "Date+UpdateHour.swift"; sourceTree = "<group>"; };
		2912A63E28D2528100062361 /* ChartDataPoint.swift */ = {isa = PBXFileReference; lastKnownFileType = sourcecode.swift; path = ChartDataPoint.swift; sourceTree = "<group>"; };
		2912A64128D256DE00062361 /* SalaryInfoView.swift */ = {isa = PBXFileReference; lastKnownFileType = sourcecode.swift; path = SalaryInfoView.swift; sourceTree = "<group>"; };
		2912A64328D2570F00062361 /* CEOFlipViews.swift */ = {isa = PBXFileReference; lastKnownFileType = sourcecode.swift; path = CEOFlipViews.swift; sourceTree = "<group>"; };
		2912A64528D2577500062361 /* CEOHeaderView.swift */ = {isa = PBXFileReference; lastKnownFileType = sourcecode.swift; path = CEOHeaderView.swift; sourceTree = "<group>"; };
		2912A64728D2579D00062361 /* CEOCompensationView.swift */ = {isa = PBXFileReference; lastKnownFileType = sourcecode.swift; path = CEOCompensationView.swift; sourceTree = "<group>"; };
		2912A64A28D259BA00062361 /* AnalystFlipViews.swift */ = {isa = PBXFileReference; lastKnownFileType = sourcecode.swift; path = AnalystFlipViews.swift; sourceTree = "<group>"; };
		2912A64E28D25A0E00062361 /* BarGraph.swift */ = {isa = PBXFileReference; lastKnownFileType = sourcecode.swift; path = BarGraph.swift; sourceTree = "<group>"; };
		2912A65028D25A9400062361 /* StockDataPoint.swift */ = {isa = PBXFileReference; lastKnownFileType = sourcecode.swift; path = StockDataPoint.swift; sourceTree = "<group>"; };
		2912A65328D271BC00062361 /* FundamentalStatsView.swift */ = {isa = PBXFileReference; lastKnownFileType = sourcecode.swift; path = FundamentalStatsView.swift; sourceTree = "<group>"; };
		2912A65528D2724F00062361 /* FundamentalFlippingViews.swift */ = {isa = PBXFileReference; lastKnownFileType = sourcecode.swift; path = FundamentalFlippingViews.swift; sourceTree = "<group>"; };
		2912A65828D2728E00062361 /* DividendsFlippingViews.swift */ = {isa = PBXFileReference; lastKnownFileType = sourcecode.swift; path = DividendsFlippingViews.swift; sourceTree = "<group>"; };
		2912A65A28D272BD00062361 /* DividendsData.swift */ = {isa = PBXFileReference; lastKnownFileType = sourcecode.swift; path = DividendsData.swift; sourceTree = "<group>"; };
		2912A65C28D3EB2900062361 /* Sentiment.swift */ = {isa = PBXFileReference; lastKnownFileType = sourcecode.swift; path = Sentiment.swift; sourceTree = "<group>"; };
		2912A66028D3F5B500062361 /* SocialMediaCellSubView.swift */ = {isa = PBXFileReference; lastKnownFileType = sourcecode.swift; path = SocialMediaCellSubView.swift; sourceTree = "<group>"; };
		2912A67E28D7964100062361 /* SocialMediaCellViewModel.swift */ = {isa = PBXFileReference; lastKnownFileType = sourcecode.swift; path = SocialMediaCellViewModel.swift; sourceTree = "<group>"; };
		292317D128397DD300460F81 /* OnboardingContainerViewController.swift */ = {isa = PBXFileReference; lastKnownFileType = sourcecode.swift; path = OnboardingContainerViewController.swift; sourceTree = "<group>"; };
		292317D328397DEE00460F81 /* OnboardingViewController.swift */ = {isa = PBXFileReference; lastKnownFileType = sourcecode.swift; path = OnboardingViewController.swift; sourceTree = "<group>"; };
		292317D628397F2600460F81 /* LocalState.swift */ = {isa = PBXFileReference; lastKnownFileType = sourcecode.swift; path = LocalState.swift; sourceTree = "<group>"; };
		292317D8283981E900460F81 /* RequestWatchlistViewController.swift */ = {isa = PBXFileReference; lastKnownFileType = sourcecode.swift; path = RequestWatchlistViewController.swift; sourceTree = "<group>"; };
		292317DB28398E3A00460F81 /* APIService.swift */ = {isa = PBXFileReference; lastKnownFileType = sourcecode.swift; path = APIService.swift; sourceTree = "<group>"; };
		292317DE28398E6500460F81 /* SearchResults.swift */ = {isa = PBXFileReference; lastKnownFileType = sourcecode.swift; path = SearchResults.swift; sourceTree = "<group>"; };
		292317E42839A1DD00460F81 /* Stock+CoreDataClass.swift */ = {isa = PBXFileReference; lastKnownFileType = sourcecode.swift; path = "Stock+CoreDataClass.swift"; sourceTree = "<group>"; };
		292317E52839A1DD00460F81 /* Stock+CoreDataProperties.swift */ = {isa = PBXFileReference; lastKnownFileType = sourcecode.swift; path = "Stock+CoreDataProperties.swift"; sourceTree = "<group>"; };
		29253EDB28E0F82700C9B148 /* FirstSplashView.swift */ = {isa = PBXFileReference; lastKnownFileType = sourcecode.swift; path = FirstSplashView.swift; sourceTree = "<group>"; };
		29253EE128E0FA2400C9B148 /* ColoredGroupBox.swift */ = {isa = PBXFileReference; lastKnownFileType = sourcecode.swift; path = ColoredGroupBox.swift; sourceTree = "<group>"; };
		29253EE328E0FA3900C9B148 /* StockSelectionSplashView.swift */ = {isa = PBXFileReference; lastKnownFileType = sourcecode.swift; path = StockSelectionSplashView.swift; sourceTree = "<group>"; };
		29253EE528E0FA5300C9B148 /* ButtonView.swift */ = {isa = PBXFileReference; lastKnownFileType = sourcecode.swift; path = ButtonView.swift; sourceTree = "<group>"; };
		29253EE728E0FA6900C9B148 /* WatchlistManager.swift */ = {isa = PBXFileReference; lastKnownFileType = sourcecode.swift; path = WatchlistManager.swift; sourceTree = "<group>"; };
		29253EE928E1297100C9B148 /* Currency.swift */ = {isa = PBXFileReference; lastKnownFileType = sourcecode.swift; path = Currency.swift; sourceTree = "<group>"; };
		29253EEB28E12B4700C9B148 /* CurrencyView.swift */ = {isa = PBXFileReference; lastKnownFileType = sourcecode.swift; path = CurrencyView.swift; sourceTree = "<group>"; };
		29253EED28E12B6100C9B148 /* CurrencyViewModel.swift */ = {isa = PBXFileReference; lastKnownFileType = sourcecode.swift; path = CurrencyViewModel.swift; sourceTree = "<group>"; };
		29262AE328D000D900BA3E1F /* ViewModelStates.swift */ = {isa = PBXFileReference; lastKnownFileType = sourcecode.swift; path = ViewModelStates.swift; sourceTree = "<group>"; };
		29262B0928D1464200BA3E1F /* View+ReadSize.swift */ = {isa = PBXFileReference; lastKnownFileType = sourcecode.swift; path = "View+ReadSize.swift"; sourceTree = "<group>"; };
		29293C41288786B6006D7EF8 /* NewsTableViewCell.swift */ = {isa = PBXFileReference; lastKnownFileType = sourcecode.swift; path = NewsTableViewCell.swift; sourceTree = "<group>"; };
		2938FC7D288F7E6300137BBB /* FundamentalDataView.swift */ = {isa = PBXFileReference; lastKnownFileType = sourcecode.swift; path = FundamentalDataView.swift; sourceTree = "<group>"; };
		293B69C42860D85200BE90B9 /* Endpoint.swift */ = {isa = PBXFileReference; lastKnownFileType = sourcecode.swift; path = Endpoint.swift; sourceTree = "<group>"; };
		293B69C62860D9BB00BE90B9 /* HTTPClient.swift */ = {isa = PBXFileReference; lastKnownFileType = sourcecode.swift; path = HTTPClient.swift; sourceTree = "<group>"; };
		293B69C82860D9DB00BE90B9 /* RequestError.swift */ = {isa = PBXFileReference; lastKnownFileType = sourcecode.swift; path = RequestError.swift; sourceTree = "<group>"; };
		293B69CA2860DC2D00BE90B9 /* IEXApiService.swift */ = {isa = PBXFileReference; lastKnownFileType = sourcecode.swift; path = IEXApiService.swift; sourceTree = "<group>"; };
		293B69CC2860DCDE00BE90B9 /* IEXEndpoint.swift */ = {isa = PBXFileReference; lastKnownFileType = sourcecode.swift; path = IEXEndpoint.swift; sourceTree = "<group>"; };
		293B69D12861263400BE90B9 /* NewsSentimentModels.swift */ = {isa = PBXFileReference; lastKnownFileType = sourcecode.swift; path = NewsSentimentModels.swift; sourceTree = "<group>"; };
		293B8F27288772640057AEBE /* SocialMediaSummaryCell.swift */ = {isa = PBXFileReference; lastKnownFileType = sourcecode.swift; path = SocialMediaSummaryCell.swift; sourceTree = "<group>"; };
		293B8F29288774B40057AEBE /* SocialMediaCell.swift */ = {isa = PBXFileReference; lastKnownFileType = sourcecode.swift; path = SocialMediaCell.swift; sourceTree = "<group>"; };
		294920F2286D4BCF00E2653B /* DashboardViewController.swift */ = {isa = PBXFileReference; lastKnownFileType = sourcecode.swift; path = DashboardViewController.swift; sourceTree = "<group>"; };
		294920F5286D4C5700E2653B /* GreetingView.swift */ = {isa = PBXFileReference; lastKnownFileType = sourcecode.swift; path = GreetingView.swift; sourceTree = "<group>"; };
		294920F9286D529C00E2653B /* CalendarView.swift */ = {isa = PBXFileReference; lastKnownFileType = sourcecode.swift; path = CalendarView.swift; sourceTree = "<group>"; };
		294920FE286D55B600E2653B /* CompanyHeaderView.swift */ = {isa = PBXFileReference; lastKnownFileType = sourcecode.swift; path = CompanyHeaderView.swift; sourceTree = "<group>"; };
		29492100286D55F200E2653B /* FirstTechnicalView.swift */ = {isa = PBXFileReference; lastKnownFileType = sourcecode.swift; path = FirstTechnicalView.swift; sourceTree = "<group>"; };
		29492104286D576A00E2653B /* AnalystRatingView.swift */ = {isa = PBXFileReference; lastKnownFileType = sourcecode.swift; path = AnalystRatingView.swift; sourceTree = "<group>"; };
		29492106286D579700E2653B /* DividendsForcastView.swift */ = {isa = PBXFileReference; lastKnownFileType = sourcecode.swift; path = DividendsForcastView.swift; sourceTree = "<group>"; };
		29492108286D57D300E2653B /* CEODataView.swift */ = {isa = PBXFileReference; lastKnownFileType = sourcecode.swift; path = CEODataView.swift; sourceTree = "<group>"; };
		2951BD7228B6D1250083C10A /* NewsHeaderView.swift */ = {isa = PBXFileReference; lastKnownFileType = sourcecode.swift; path = NewsHeaderView.swift; sourceTree = "<group>"; };
		2951BD7528B81F7C0083C10A /* WatchlistCellView.swift */ = {isa = PBXFileReference; lastKnownFileType = sourcecode.swift; path = WatchlistCellView.swift; sourceTree = "<group>"; };
		2951BD7728B81FA70083C10A /* WatchlistView.swift */ = {isa = PBXFileReference; lastKnownFileType = sourcecode.swift; path = WatchlistView.swift; sourceTree = "<group>"; };
		2951BD7928B81FE50083C10A /* DummyData.swift */ = {isa = PBXFileReference; lastKnownFileType = sourcecode.swift; path = DummyData.swift; sourceTree = "<group>"; };
		296D354F28E27D24000198CC /* Analyst.swift */ = {isa = PBXFileReference; lastKnownFileType = sourcecode.swift; path = Analyst.swift; sourceTree = "<group>"; };
		2981E2A028D80933008185FC /* NSNotification+SentimentScore.swift */ = {isa = PBXFileReference; lastKnownFileType = sourcecode.swift; path = "NSNotification+SentimentScore.swift"; sourceTree = "<group>"; };
		29954FBC283971430086949E /* iOS-UIKit-Finance-App.app */ = {isa = PBXFileReference; explicitFileType = wrapper.application; includeInIndex = 0; path = "iOS-UIKit-Finance-App.app"; sourceTree = BUILT_PRODUCTS_DIR; };
		29954FBF283971430086949E /* AppDelegate.swift */ = {isa = PBXFileReference; lastKnownFileType = sourcecode.swift; path = AppDelegate.swift; sourceTree = "<group>"; };
		29954FC3283971430086949E /* FirstViewController.swift */ = {isa = PBXFileReference; lastKnownFileType = sourcecode.swift; path = FirstViewController.swift; sourceTree = "<group>"; };
		29954FC9283971430086949E /* iOS_UIKit_Finance_App.xcdatamodel */ = {isa = PBXFileReference; lastKnownFileType = wrapper.xcdatamodel; path = iOS_UIKit_Finance_App.xcdatamodel; sourceTree = "<group>"; };
		29954FCB283971440086949E /* Assets.xcassets */ = {isa = PBXFileReference; lastKnownFileType = folder.assetcatalog; path = Assets.xcassets; sourceTree = "<group>"; };
		29954FCE283971440086949E /* Base */ = {isa = PBXFileReference; lastKnownFileType = file.storyboard; name = Base; path = Base.lproj/LaunchScreen.storyboard; sourceTree = "<group>"; };
		29954FD0283971440086949E /* Info.plist */ = {isa = PBXFileReference; lastKnownFileType = text.plist.xml; path = Info.plist; sourceTree = "<group>"; };
		29BF093A283AB3EA004FBB29 /* UIViewController+TabBarImage.swift */ = {isa = PBXFileReference; lastKnownFileType = sourcecode.swift; path = "UIViewController+TabBarImage.swift"; sourceTree = "<group>"; };
		29BF093F283AB699004FBB29 /* NewsViewController.swift */ = {isa = PBXFileReference; lastKnownFileType = sourcecode.swift; path = NewsViewController.swift; sourceTree = "<group>"; };
		29BF0941283AB6A6004FBB29 /* SocialMediaViewController.swift */ = {isa = PBXFileReference; lastKnownFileType = sourcecode.swift; path = SocialMediaViewController.swift; sourceTree = "<group>"; };
		29BF0947283ABAA6004FBB29 /* APIParser.swift */ = {isa = PBXFileReference; lastKnownFileType = sourcecode.swift; path = APIParser.swift; sourceTree = "<group>"; };
		29D1B504288A15EB0000C15B /* SentimentDialView.swift */ = {isa = PBXFileReference; lastKnownFileType = sourcecode.swift; path = SentimentDialView.swift; sourceTree = "<group>"; };
		29D61D9C284524CD00E602D7 /* URLSession+Request.swift */ = {isa = PBXFileReference; lastKnownFileType = sourcecode.swift; path = "URLSession+Request.swift"; sourceTree = "<group>"; };
		29E02D1528DABA7900791F0B /* NewsCellSubView.swift */ = {isa = PBXFileReference; lastKnownFileType = sourcecode.swift; path = NewsCellSubView.swift; sourceTree = "<group>"; };
		29E02D1728DABE8C00791F0B /* NewsViewModel.swift */ = {isa = PBXFileReference; lastKnownFileType = sourcecode.swift; path = NewsViewModel.swift; sourceTree = "<group>"; };
		29E907CF28E297F600D5935E /* DividendHistory.swift */ = {isa = PBXFileReference; lastKnownFileType = sourcecode.swift; path = DividendHistory.swift; sourceTree = "<group>"; };
		29F1B3A328723E10002BCA20 /* CompanyHeaderViewModel.swift */ = {isa = PBXFileReference; lastKnownFileType = sourcecode.swift; path = CompanyHeaderViewModel.swift; sourceTree = "<group>"; };
		29F1B3A528723EAC002BCA20 /* CompanyTechnicalDataViewModel.swift */ = {isa = PBXFileReference; lastKnownFileType = sourcecode.swift; path = CompanyTechnicalDataViewModel.swift; sourceTree = "<group>"; };
		29F1B3A728723ED1002BCA20 /* CompanyPriceDataViewModel.swift */ = {isa = PBXFileReference; lastKnownFileType = sourcecode.swift; path = CompanyPriceDataViewModel.swift; sourceTree = "<group>"; };
		29F1B3A928723EDB002BCA20 /* AnalystRatingViewModel.swift */ = {isa = PBXFileReference; lastKnownFileType = sourcecode.swift; path = AnalystRatingViewModel.swift; sourceTree = "<group>"; };
		29F1B3AB28723EEB002BCA20 /* DividendsForcastViewModel.swift */ = {isa = PBXFileReference; lastKnownFileType = sourcecode.swift; path = DividendsForcastViewModel.swift; sourceTree = "<group>"; };
		29F1B3AD28723EF3002BCA20 /* CEODataViewModel.swift */ = {isa = PBXFileReference; lastKnownFileType = sourcecode.swift; path = CEODataViewModel.swift; sourceTree = "<group>"; };
		29FD50F728DFB3AB00456095 /* GreetingViewModel.swift */ = {isa = PBXFileReference; lastKnownFileType = sourcecode.swift; path = GreetingViewModel.swift; sourceTree = "<group>"; };
		29FD50F928DFE54E00456095 /* SectorsView.swift */ = {isa = PBXFileReference; lastKnownFileType = sourcecode.swift; path = SectorsView.swift; sourceTree = "<group>"; };
		29FD50FC28E0042A00456095 /* SmallCellView.swift */ = {isa = PBXFileReference; lastKnownFileType = sourcecode.swift; path = SmallCellView.swift; sourceTree = "<group>"; };
		29FD50FE28E004B500456095 /* Sector.swift */ = {isa = PBXFileReference; lastKnownFileType = sourcecode.swift; path = Sector.swift; sourceTree = "<group>"; };
		29FD510028E007BC00456095 /* SectorsViewModel.swift */ = {isa = PBXFileReference; lastKnownFileType = sourcecode.swift; path = SectorsViewModel.swift; sourceTree = "<group>"; };
/* End PBXFileReference section */

/* Begin PBXFrameworksBuildPhase section */
		29954FB9283971430086949E /* Frameworks */ = {
			isa = PBXFrameworksBuildPhase;
			buildActionMask = 2147483647;
			files = (
			);
			runOnlyForDeploymentPostprocessing = 0;
		};
/* End PBXFrameworksBuildPhase section */

/* Begin PBXGroup section */
		290BA36128B5846A008123B4 /* IEX Models */ = {
			isa = PBXGroup;
			children = (
				290BA36228B58474008123B4 /* Logo.swift */,
				290BA36428B5847B008123B4 /* CompanyInfo.swift */,
				290BA36628B58483008123B4 /* Stats.swift */,
				290BA36828B5848D008123B4 /* News.swift */,
				290BA36A28B58494008123B4 /* Dividends.swift */,
				290BA36C28B5849D008123B4 /* InstitutionalOwnership.swift */,
				290BA36E28B584A4008123B4 /* InsiderTransactions.swift */,
				290BA37028B584AA008123B4 /* CeoCompensation.swift */,
				290BA37228B584B2008123B4 /* DividendsForcast.swift */,
				290BA37428B584BD008123B4 /* AnalystRatings.swift */,
			);
			path = "IEX Models";
			sourceTree = "<group>";
		};
		2912A62F28D24C6200062361 /* Fundamental Data View Models */ = {
			isa = PBXGroup;
			children = (
				29F1B3A328723E10002BCA20 /* CompanyHeaderViewModel.swift */,
				29F1B3A528723EAC002BCA20 /* CompanyTechnicalDataViewModel.swift */,
				29F1B3A728723ED1002BCA20 /* CompanyPriceDataViewModel.swift */,
				29F1B3A928723EDB002BCA20 /* AnalystRatingViewModel.swift */,
				29F1B3AB28723EEB002BCA20 /* DividendsForcastViewModel.swift */,
				29F1B3AD28723EF3002BCA20 /* CEODataViewModel.swift */,
			);
			path = "Fundamental Data View Models";
			sourceTree = "<group>";
		};
		2912A63028D24D0000062361 /* Fundamental Data Tab */ = {
			isa = PBXGroup;
			children = (
				2912A62B28D14EDC00062361 /* FundamentalViewContainer.swift */,
				294920FD286D55A200E2653B /* Views */,
				2912A62F28D24C6200062361 /* Fundamental Data View Models */,
			);
			path = "Fundamental Data Tab";
			sourceTree = "<group>";
		};
		2912A63128D24F1B00062361 /* Header */ = {
			isa = PBXGroup;
			children = (
				294920FE286D55B600E2653B /* CompanyHeaderView.swift */,
				2912A63628D24FB500062361 /* CompanyHeaderDataView.swift */,
				2912A63228D24F4700062361 /* HeaderFlipViews.swift */,
				2912A63428D24F8800062361 /* FlexibleView.swift */,
			);
			path = Header;
			sourceTree = "<group>";
		};
		2912A63828D24FF400062361 /* Chart */ = {
			isa = PBXGroup;
			children = (
				2912A63E28D2528100062361 /* ChartDataPoint.swift */,
				2912A62D28D1550200062361 /* ChartView.swift */,
			);
			path = Chart;
			sourceTree = "<group>";
		};
		2912A63B28D2507700062361 /* Extensions */ = {
			isa = PBXGroup;
			children = (
				29BF093A283AB3EA004FBB29 /* UIViewController+TabBarImage.swift */,
				29D61D9C284524CD00E602D7 /* URLSession+Request.swift */,
				29262B0928D1464200BA3E1F /* View+ReadSize.swift */,
				2912A63928D2507300062361 /* Double+StringFormat.swift */,
				2912A63C28D250B600062361 /* Date+UpdateHour.swift */,
				2981E2A028D80933008185FC /* NSNotification+SentimentScore.swift */,
			);
			path = Extensions;
			sourceTree = "<group>";
		};
		2912A64028D256BF00062361 /* CEO Data */ = {
			isa = PBXGroup;
			children = (
				29492108286D57D300E2653B /* CEODataView.swift */,
				2912A64728D2579D00062361 /* CEOCompensationView.swift */,
				2912A64528D2577500062361 /* CEOHeaderView.swift */,
				2912A64328D2570F00062361 /* CEOFlipViews.swift */,
				2912A64128D256DE00062361 /* SalaryInfoView.swift */,
			);
			path = "CEO Data";
			sourceTree = "<group>";
		};
		2912A64928D2599E00062361 /* AnalystRatings */ = {
			isa = PBXGroup;
			children = (
				29492104286D576A00E2653B /* AnalystRatingView.swift */,
				2912A65028D25A9400062361 /* StockDataPoint.swift */,
				2912A64E28D25A0E00062361 /* BarGraph.swift */,
				2912A64A28D259BA00062361 /* AnalystFlipViews.swift */,
			);
			path = AnalystRatings;
			sourceTree = "<group>";
		};
		2912A65228D270EC00062361 /* Technical Data */ = {
			isa = PBXGroup;
			children = (
				29492100286D55F200E2653B /* FirstTechnicalView.swift */,
				2912A65528D2724F00062361 /* FundamentalFlippingViews.swift */,
				2912A65328D271BC00062361 /* FundamentalStatsView.swift */,
			);
			path = "Technical Data";
			sourceTree = "<group>";
		};
		2912A65728D2728000062361 /* Dividends */ = {
			isa = PBXGroup;
			children = (
				29492106286D579700E2653B /* DividendsForcastView.swift */,
				2912A65A28D272BD00062361 /* DividendsData.swift */,
				2912A65828D2728E00062361 /* DividendsFlippingViews.swift */,
			);
			path = Dividends;
			sourceTree = "<group>";
		};
		292317D028397D5600460F81 /* Onboarding */ = {
			isa = PBXGroup;
			children = (
				292317D128397DD300460F81 /* OnboardingContainerViewController.swift */,
				292317D328397DEE00460F81 /* OnboardingViewController.swift */,
				292317D8283981E900460F81 /* RequestWatchlistViewController.swift */,
				29253EDB28E0F82700C9B148 /* FirstSplashView.swift */,
				29253EE328E0FA3900C9B148 /* StockSelectionSplashView.swift */,
				29253EE528E0FA5300C9B148 /* ButtonView.swift */,
				29253EE128E0FA2400C9B148 /* ColoredGroupBox.swift */,
			);
			path = Onboarding;
			sourceTree = "<group>";
		};
		292317D528397F1400460F81 /* Utilities */ = {
			isa = PBXGroup;
			children = (
				2912A63B28D2507700062361 /* Extensions */,
				292317D628397F2600460F81 /* LocalState.swift */,
				29262AE328D000D900BA3E1F /* ViewModelStates.swift */,
			);
			path = Utilities;
			sourceTree = "<group>";
		};
		292317DD28398E5200460F81 /* Model */ = {
			isa = PBXGroup;
			children = (
				29E907D128E297FA00D5935E /* Python API Models */,
				290BA36128B5846A008123B4 /* IEX Models */,
				292317DE28398E6500460F81 /* SearchResults.swift */,
				293B69D12861263400BE90B9 /* NewsSentimentModels.swift */,
				293B8F29288774B40057AEBE /* SocialMediaCell.swift */,
			);
			path = Model;
			sourceTree = "<group>";
		};
		29253EEF28E12BBE00C9B148 /* Currency */ = {
			isa = PBXGroup;
			children = (
				29253EEB28E12B4700C9B148 /* CurrencyView.swift */,
				29253EED28E12B6100C9B148 /* CurrencyViewModel.swift */,
			);
			path = Currency;
			sourceTree = "<group>";
		};
		293B69C32860D83C00BE90B9 /* Services */ = {
			isa = PBXGroup;
			children = (
				29253EE728E0FA6900C9B148 /* WatchlistManager.swift */,
				293B69C42860D85200BE90B9 /* Endpoint.swift */,
				293B69C62860D9BB00BE90B9 /* HTTPClient.swift */,
				293B69C82860D9DB00BE90B9 /* RequestError.swift */,
				293B69CA2860DC2D00BE90B9 /* IEXApiService.swift */,
				293B69CC2860DCDE00BE90B9 /* IEXEndpoint.swift */,
				293B69D02861259200BE90B9 /* Stock Search Services */,
			);
			path = Services;
			sourceTree = "<group>";
		};
		293B69D02861259200BE90B9 /* Stock Search Services */ = {
			isa = PBXGroup;
			children = (
				292317DB28398E3A00460F81 /* APIService.swift */,
				29BF0947283ABAA6004FBB29 /* APIParser.swift */,
			);
			path = "Stock Search Services";
			sourceTree = "<group>";
		};
		293B8F262887724D0057AEBE /* Social Media Sentiment Tab */ = {
			isa = PBXGroup;
			children = (
				29D1B504288A15EB0000C15B /* SentimentDialView.swift */,
				29BF0941283AB6A6004FBB29 /* SocialMediaViewController.swift */,
				293B8F27288772640057AEBE /* SocialMediaSummaryCell.swift */,
				2912A66028D3F5B500062361 /* SocialMediaCellSubView.swift */,
				2912A67E28D7964100062361 /* SocialMediaCellViewModel.swift */,
			);
			path = "Social Media Sentiment Tab";
			sourceTree = "<group>";
		};
		293B8F2B28877E210057AEBE /* News Tab */ = {
			isa = PBXGroup;
			children = (
				29BF093F283AB699004FBB29 /* NewsViewController.swift */,
				29E02D1728DABE8C00791F0B /* NewsViewModel.swift */,
				2951BD7228B6D1250083C10A /* NewsHeaderView.swift */,
				29E02D1528DABA7900791F0B /* NewsCellSubView.swift */,
				29293C41288786B6006D7EF8 /* NewsTableViewCell.swift */,
			);
			path = "News Tab";
			sourceTree = "<group>";
		};
		294920F4286D4C4000E2653B /* Home Tab */ = {
			isa = PBXGroup;
			children = (
				294920F2286D4BCF00E2653B /* DashboardViewController.swift */,
				29FD50F628DFB38800456095 /* Greeting */,
				2951BD7428B81F6A0083C10A /* Watchlist Views */,
				294920F9286D529C00E2653B /* CalendarView.swift */,
				29FD50FC28E0042A00456095 /* SmallCellView.swift */,
				29253EEF28E12BBE00C9B148 /* Currency */,
				29FD50FB28E0041700456095 /* Sectors */,
			);
			path = "Home Tab";
			sourceTree = "<group>";
		};
		294920FD286D55A200E2653B /* Views */ = {
			isa = PBXGroup;
			children = (
				2938FC7D288F7E6300137BBB /* FundamentalDataView.swift */,
				2912A63128D24F1B00062361 /* Header */,
				2912A63828D24FF400062361 /* Chart */,
				2912A64028D256BF00062361 /* CEO Data */,
				2912A64928D2599E00062361 /* AnalystRatings */,
				2912A65228D270EC00062361 /* Technical Data */,
				2912A65728D2728000062361 /* Dividends */,
			);
			path = Views;
			sourceTree = "<group>";
		};
		2951BD7428B81F6A0083C10A /* Watchlist Views */ = {
			isa = PBXGroup;
			children = (
				2951BD7728B81FA70083C10A /* WatchlistView.swift */,
				2951BD7528B81F7C0083C10A /* WatchlistCellView.swift */,
				2951BD7928B81FE50083C10A /* DummyData.swift */,
			);
			path = "Watchlist Views";
			sourceTree = "<group>";
		};
		29954FB3283971430086949E = {
			isa = PBXGroup;
			children = (
				292317E42839A1DD00460F81 /* Stock+CoreDataClass.swift */,
				292317E52839A1DD00460F81 /* Stock+CoreDataProperties.swift */,
				29954FBE283971430086949E /* iOS-UIKit-Finance-App */,
				29954FBD283971430086949E /* Products */,
			);
			sourceTree = "<group>";
		};
		29954FBD283971430086949E /* Products */ = {
			isa = PBXGroup;
			children = (
				29954FBC283971430086949E /* iOS-UIKit-Finance-App.app */,
			);
			name = Products;
			sourceTree = "<group>";
		};
		29954FBE283971430086949E /* iOS-UIKit-Finance-App */ = {
			isa = PBXGroup;
			children = (
				292317DD28398E5200460F81 /* Model */,
				293B69C32860D83C00BE90B9 /* Services */,
				292317D528397F1400460F81 /* Utilities */,
				292317D028397D5600460F81 /* Onboarding */,
				29BF093C283AB653004FBB29 /* Main Views */,
				29954FBF283971430086949E /* AppDelegate.swift */,
				29954FC3283971430086949E /* FirstViewController.swift */,
				29954FCB283971440086949E /* Assets.xcassets */,
				29954FCD283971440086949E /* LaunchScreen.storyboard */,
				29954FD0283971440086949E /* Info.plist */,
				29954FC8283971430086949E /* iOS_UIKit_Finance_App.xcdatamodeld */,
			);
			path = "iOS-UIKit-Finance-App";
			sourceTree = "<group>";
		};
		29BF093C283AB653004FBB29 /* Main Views */ = {
			isa = PBXGroup;
			children = (
				293B8F2B28877E210057AEBE /* News Tab */,
				294920F4286D4C4000E2653B /* Home Tab */,
				2912A63028D24D0000062361 /* Fundamental Data Tab */,
				293B8F262887724D0057AEBE /* Social Media Sentiment Tab */,
			);
			path = "Main Views";
			sourceTree = "<group>";
		};
		29E907D128E297FA00D5935E /* Python API Models */ = {
			isa = PBXGroup;
			children = (
				2912A65C28D3EB2900062361 /* Sentiment.swift */,
				296D354F28E27D24000198CC /* Analyst.swift */,
				29E907CF28E297F600D5935E /* DividendHistory.swift */,
				29FD50FE28E004B500456095 /* Sector.swift */,
				29253EE928E1297100C9B148 /* Currency.swift */,
			);
			path = "Python API Models";
			sourceTree = "<group>";
		};
		29FD50F628DFB38800456095 /* Greeting */ = {
			isa = PBXGroup;
			children = (
				294920F5286D4C5700E2653B /* GreetingView.swift */,
				29FD50F728DFB3AB00456095 /* GreetingViewModel.swift */,
			);
			path = Greeting;
			sourceTree = "<group>";
		};
		29FD50FB28E0041700456095 /* Sectors */ = {
			isa = PBXGroup;
			children = (
				29FD50F928DFE54E00456095 /* SectorsView.swift */,
				29FD510028E007BC00456095 /* SectorsViewModel.swift */,
			);
			path = Sectors;
			sourceTree = "<group>";
		};
/* End PBXGroup section */

/* Begin PBXNativeTarget section */
		29954FBB283971430086949E /* iOS-UIKit-Finance-App */ = {
			isa = PBXNativeTarget;
			buildConfigurationList = 29954FD3283971440086949E /* Build configuration list for PBXNativeTarget "iOS-UIKit-Finance-App" */;
			buildPhases = (
				29954FB8283971430086949E /* Sources */,
				29954FB9283971430086949E /* Frameworks */,
				29954FBA283971430086949E /* Resources */,
			);
			buildRules = (
			);
			dependencies = (
			);
			name = "iOS-UIKit-Finance-App";
			packageProductDependencies = (
			);
			productName = "iOS-UIKit-Finance-App";
			productReference = 29954FBC283971430086949E /* iOS-UIKit-Finance-App.app */;
			productType = "com.apple.product-type.application";
		};
/* End PBXNativeTarget section */

/* Begin PBXProject section */
		29954FB4283971430086949E /* Project object */ = {
			isa = PBXProject;
			attributes = {
				BuildIndependentTargetsInParallel = 1;
				LastSwiftUpdateCheck = 1320;
				LastUpgradeCheck = 1320;
				TargetAttributes = {
					29954FBB283971430086949E = {
						CreatedOnToolsVersion = 13.2.1;
					};
				};
			};
			buildConfigurationList = 29954FB7283971430086949E /* Build configuration list for PBXProject "iOS-UIKit-Finance-App" */;
			compatibilityVersion = "Xcode 13.0";
			developmentRegion = en;
			hasScannedForEncodings = 0;
			knownRegions = (
				en,
				Base,
			);
			mainGroup = 29954FB3283971430086949E;
			packageReferences = (
			);
			productRefGroup = 29954FBD283971430086949E /* Products */;
			projectDirPath = "";
			projectRoot = "";
			targets = (
				29954FBB283971430086949E /* iOS-UIKit-Finance-App */,
			);
		};
/* End PBXProject section */

/* Begin PBXResourcesBuildPhase section */
		29954FBA283971430086949E /* Resources */ = {
			isa = PBXResourcesBuildPhase;
			buildActionMask = 2147483647;
			files = (
				29954FCF283971440086949E /* LaunchScreen.storyboard in Resources */,
				29954FCC283971440086949E /* Assets.xcassets in Resources */,
			);
			runOnlyForDeploymentPostprocessing = 0;
		};
/* End PBXResourcesBuildPhase section */

/* Begin PBXSourcesBuildPhase section */
		29954FB8283971430086949E /* Sources */ = {
			isa = PBXSourcesBuildPhase;
			buildActionMask = 2147483647;
			files = (
				29F1B3AA28723EDB002BCA20 /* AnalystRatingViewModel.swift in Sources */,
				29F1B3A828723ED1002BCA20 /* CompanyPriceDataViewModel.swift in Sources */,
				2912A64828D2579D00062361 /* CEOCompensationView.swift in Sources */,
				29253EE428E0FA3900C9B148 /* StockSelectionSplashView.swift in Sources */,
				292317E62839A1DD00460F81 /* Stock+CoreDataClass.swift in Sources */,
				2981E2A128D80933008185FC /* NSNotification+SentimentScore.swift in Sources */,
				29253EEE28E12B6100C9B148 /* CurrencyViewModel.swift in Sources */,
				2912A65128D25A9400062361 /* StockDataPoint.swift in Sources */,
				2951BD7A28B81FE50083C10A /* DummyData.swift in Sources */,
				2912A63328D24F4700062361 /* HeaderFlipViews.swift in Sources */,
				293B69C72860D9BB00BE90B9 /* HTTPClient.swift in Sources */,
				2912A63528D24F8800062361 /* FlexibleView.swift in Sources */,
				29FD50FA28DFE54E00456095 /* SectorsView.swift in Sources */,
				29954FC4283971430086949E /* FirstViewController.swift in Sources */,
				29492101286D55F200E2653B /* FirstTechnicalView.swift in Sources */,
				290BA36F28B584A4008123B4 /* InsiderTransactions.swift in Sources */,
				29F1B3A628723EAC002BCA20 /* CompanyTechnicalDataViewModel.swift in Sources */,
				290BA37128B584AA008123B4 /* CeoCompensation.swift in Sources */,
				2912A65928D2728E00062361 /* DividendsFlippingViews.swift in Sources */,
				29F1B3AC28723EEB002BCA20 /* DividendsForcastViewModel.swift in Sources */,
				29F1B3AE28723EF3002BCA20 /* CEODataViewModel.swift in Sources */,
				2912A64B28D259BA00062361 /* AnalystFlipViews.swift in Sources */,
				292317D728397F2600460F81 /* LocalState.swift in Sources */,
				29954FCA283971430086949E /* iOS_UIKit_Finance_App.xcdatamodeld in Sources */,
				29FD50FD28E0042A00456095 /* SmallCellView.swift in Sources */,
				292317D428397DEE00460F81 /* OnboardingViewController.swift in Sources */,
				29D1B505288A15EB0000C15B /* SentimentDialView.swift in Sources */,
				292317D9283981E900460F81 /* RequestWatchlistViewController.swift in Sources */,
				290BA37528B584BD008123B4 /* AnalystRatings.swift in Sources */,
				290BA36728B58483008123B4 /* Stats.swift in Sources */,
				29BF0948283ABAA6004FBB29 /* APIParser.swift in Sources */,
				29D61D9D284524CD00E602D7 /* URLSession+Request.swift in Sources */,
				293B8F2A288774B40057AEBE /* SocialMediaCell.swift in Sources */,
				290BA36328B58474008123B4 /* Logo.swift in Sources */,
				29F1B3A428723E10002BCA20 /* CompanyHeaderViewModel.swift in Sources */,
				293B69C52860D85200BE90B9 /* Endpoint.swift in Sources */,
				296D355028E27D24000198CC /* Analyst.swift in Sources */,
				29293C42288786B6006D7EF8 /* NewsTableViewCell.swift in Sources */,
				29492107286D579700E2653B /* DividendsForcastView.swift in Sources */,
				2912A62C28D14EDC00062361 /* FundamentalViewContainer.swift in Sources */,
				294920FA286D529C00E2653B /* CalendarView.swift in Sources */,
				29253EDC28E0F82700C9B148 /* FirstSplashView.swift in Sources */,
				29E02D1828DABE8C00791F0B /* NewsViewModel.swift in Sources */,
				2951BD7828B81FA70083C10A /* WatchlistView.swift in Sources */,
				29E907D028E297F600D5935E /* DividendHistory.swift in Sources */,
				292317E72839A1DD00460F81 /* Stock+CoreDataProperties.swift in Sources */,
				2912A65428D271BC00062361 /* FundamentalStatsView.swift in Sources */,
				2912A63F28D2528100062361 /* ChartDataPoint.swift in Sources */,
				29253EEC28E12B4700C9B148 /* CurrencyView.swift in Sources */,
				29262B0A28D1464200BA3E1F /* View+ReadSize.swift in Sources */,
				293B69CB2860DC2D00BE90B9 /* IEXApiService.swift in Sources */,
				2912A64F28D25A0E00062361 /* BarGraph.swift in Sources */,
				29253EE628E0FA5300C9B148 /* ButtonView.swift in Sources */,
				2951BD7628B81F7C0083C10A /* WatchlistCellView.swift in Sources */,
				29FD50F828DFB3AB00456095 /* GreetingViewModel.swift in Sources */,
				29253EE828E0FA6900C9B148 /* WatchlistManager.swift in Sources */,
				29954FC0283971430086949E /* AppDelegate.swift in Sources */,
				2912A66128D3F5B500062361 /* SocialMediaCellSubView.swift in Sources */,
				294920F3286D4BCF00E2653B /* DashboardViewController.swift in Sources */,
				2912A65628D2724F00062361 /* FundamentalFlippingViews.swift in Sources */,
				29492109286D57D300E2653B /* CEODataView.swift in Sources */,
				29492105286D576A00E2653B /* AnalystRatingView.swift in Sources */,
				2912A64228D256DE00062361 /* SalaryInfoView.swift in Sources */,
				29BF093B283AB3EA004FBB29 /* UIViewController+TabBarImage.swift in Sources */,
				2951BD7328B6D1250083C10A /* NewsHeaderView.swift in Sources */,
				292317DC28398E3A00460F81 /* APIService.swift in Sources */,
				29E02D1628DABA7900791F0B /* NewsCellSubView.swift in Sources */,
				2912A63D28D250B600062361 /* Date+UpdateHour.swift in Sources */,
				2912A67F28D7964100062361 /* SocialMediaCellViewModel.swift in Sources */,
				292317DF28398E6500460F81 /* SearchResults.swift in Sources */,
				290BA37328B584B2008123B4 /* DividendsForcast.swift in Sources */,
				290BA36528B5847B008123B4 /* CompanyInfo.swift in Sources */,
				2912A62E28D1550200062361 /* ChartView.swift in Sources */,
				29262AE428D000D900BA3E1F /* ViewModelStates.swift in Sources */,
				294920F6286D4C5700E2653B /* GreetingView.swift in Sources */,
				290BA36B28B58494008123B4 /* Dividends.swift in Sources */,
				2938FC7E288F7E6300137BBB /* FundamentalDataView.swift in Sources */,
				29BF0940283AB699004FBB29 /* NewsViewController.swift in Sources */,
				2912A64628D2577500062361 /* CEOHeaderView.swift in Sources */,
				29253EEA28E1297100C9B148 /* Currency.swift in Sources */,
				2912A65D28D3EB2900062361 /* Sentiment.swift in Sources */,
				2912A65B28D272BD00062361 /* DividendsData.swift in Sources */,
				293B69CD2860DCDE00BE90B9 /* IEXEndpoint.swift in Sources */,
				294920FF286D55B600E2653B /* CompanyHeaderView.swift in Sources */,
				2912A63A28D2507300062361 /* Double+StringFormat.swift in Sources */,
				2912A63728D24FB500062361 /* CompanyHeaderDataView.swift in Sources */,
				29253EE228E0FA2400C9B148 /* ColoredGroupBox.swift in Sources */,
				2912A64428D2570F00062361 /* CEOFlipViews.swift in Sources */,
				293B8F28288772640057AEBE /* SocialMediaSummaryCell.swift in Sources */,
				290BA36928B5848D008123B4 /* News.swift in Sources */,
				293B69C92860D9DB00BE90B9 /* RequestError.swift in Sources */,
				29FD510128E007BC00456095 /* SectorsViewModel.swift in Sources */,
				29FD50FF28E004B500456095 /* Sector.swift in Sources */,
				293B69D22861263400BE90B9 /* NewsSentimentModels.swift in Sources */,
				290BA36D28B5849D008123B4 /* InstitutionalOwnership.swift in Sources */,
				29BF0942283AB6A6004FBB29 /* SocialMediaViewController.swift in Sources */,
				292317D228397DD300460F81 /* OnboardingContainerViewController.swift in Sources */,
			);
			runOnlyForDeploymentPostprocessing = 0;
		};
/* End PBXSourcesBuildPhase section */

/* Begin PBXVariantGroup section */
		29954FCD283971440086949E /* LaunchScreen.storyboard */ = {
			isa = PBXVariantGroup;
			children = (
				29954FCE283971440086949E /* Base */,
			);
			name = LaunchScreen.storyboard;
			sourceTree = "<group>";
		};
/* End PBXVariantGroup section */

/* Begin XCBuildConfiguration section */
		29954FD1283971440086949E /* Debug */ = {
			isa = XCBuildConfiguration;
			buildSettings = {
				ALWAYS_SEARCH_USER_PATHS = NO;
				CLANG_ANALYZER_NONNULL = YES;
				CLANG_ANALYZER_NUMBER_OBJECT_CONVERSION = YES_AGGRESSIVE;
				CLANG_CXX_LANGUAGE_STANDARD = "gnu++17";
				CLANG_CXX_LIBRARY = "libc++";
				CLANG_ENABLE_MODULES = YES;
				CLANG_ENABLE_OBJC_ARC = YES;
				CLANG_ENABLE_OBJC_WEAK = YES;
				CLANG_WARN_BLOCK_CAPTURE_AUTORELEASING = YES;
				CLANG_WARN_BOOL_CONVERSION = YES;
				CLANG_WARN_COMMA = YES;
				CLANG_WARN_CONSTANT_CONVERSION = YES;
				CLANG_WARN_DEPRECATED_OBJC_IMPLEMENTATIONS = YES;
				CLANG_WARN_DIRECT_OBJC_ISA_USAGE = YES_ERROR;
				CLANG_WARN_DOCUMENTATION_COMMENTS = YES;
				CLANG_WARN_EMPTY_BODY = YES;
				CLANG_WARN_ENUM_CONVERSION = YES;
				CLANG_WARN_INFINITE_RECURSION = YES;
				CLANG_WARN_INT_CONVERSION = YES;
				CLANG_WARN_NON_LITERAL_NULL_CONVERSION = YES;
				CLANG_WARN_OBJC_IMPLICIT_RETAIN_SELF = YES;
				CLANG_WARN_OBJC_LITERAL_CONVERSION = YES;
				CLANG_WARN_OBJC_ROOT_CLASS = YES_ERROR;
				CLANG_WARN_QUOTED_INCLUDE_IN_FRAMEWORK_HEADER = YES;
				CLANG_WARN_RANGE_LOOP_ANALYSIS = YES;
				CLANG_WARN_STRICT_PROTOTYPES = YES;
				CLANG_WARN_SUSPICIOUS_MOVE = YES;
				CLANG_WARN_UNGUARDED_AVAILABILITY = YES_AGGRESSIVE;
				CLANG_WARN_UNREACHABLE_CODE = YES;
				CLANG_WARN__DUPLICATE_METHOD_MATCH = YES;
				COPY_PHASE_STRIP = NO;
				DEBUG_INFORMATION_FORMAT = dwarf;
				ENABLE_STRICT_OBJC_MSGSEND = YES;
				ENABLE_TESTABILITY = YES;
				GCC_C_LANGUAGE_STANDARD = gnu11;
				GCC_DYNAMIC_NO_PIC = NO;
				GCC_NO_COMMON_BLOCKS = YES;
				GCC_OPTIMIZATION_LEVEL = 0;
				GCC_PREPROCESSOR_DEFINITIONS = (
					"DEBUG=1",
					"$(inherited)",
				);
				GCC_WARN_64_TO_32_BIT_CONVERSION = YES;
				GCC_WARN_ABOUT_RETURN_TYPE = YES_ERROR;
				GCC_WARN_UNDECLARED_SELECTOR = YES;
				GCC_WARN_UNINITIALIZED_AUTOS = YES_AGGRESSIVE;
				GCC_WARN_UNUSED_FUNCTION = YES;
				GCC_WARN_UNUSED_VARIABLE = YES;
				IPHONEOS_DEPLOYMENT_TARGET = 16.0;
				MTL_ENABLE_DEBUG_INFO = INCLUDE_SOURCE;
				MTL_FAST_MATH = YES;
				ONLY_ACTIVE_ARCH = YES;
				SDKROOT = iphoneos;
				SWIFT_ACTIVE_COMPILATION_CONDITIONS = DEBUG;
				SWIFT_OPTIMIZATION_LEVEL = "-Onone";
			};
			name = Debug;
		};
		29954FD2283971440086949E /* Release */ = {
			isa = XCBuildConfiguration;
			buildSettings = {
				ALWAYS_SEARCH_USER_PATHS = NO;
				CLANG_ANALYZER_NONNULL = YES;
				CLANG_ANALYZER_NUMBER_OBJECT_CONVERSION = YES_AGGRESSIVE;
				CLANG_CXX_LANGUAGE_STANDARD = "gnu++17";
				CLANG_CXX_LIBRARY = "libc++";
				CLANG_ENABLE_MODULES = YES;
				CLANG_ENABLE_OBJC_ARC = YES;
				CLANG_ENABLE_OBJC_WEAK = YES;
				CLANG_WARN_BLOCK_CAPTURE_AUTORELEASING = YES;
				CLANG_WARN_BOOL_CONVERSION = YES;
				CLANG_WARN_COMMA = YES;
				CLANG_WARN_CONSTANT_CONVERSION = YES;
				CLANG_WARN_DEPRECATED_OBJC_IMPLEMENTATIONS = YES;
				CLANG_WARN_DIRECT_OBJC_ISA_USAGE = YES_ERROR;
				CLANG_WARN_DOCUMENTATION_COMMENTS = YES;
				CLANG_WARN_EMPTY_BODY = YES;
				CLANG_WARN_ENUM_CONVERSION = YES;
				CLANG_WARN_INFINITE_RECURSION = YES;
				CLANG_WARN_INT_CONVERSION = YES;
				CLANG_WARN_NON_LITERAL_NULL_CONVERSION = YES;
				CLANG_WARN_OBJC_IMPLICIT_RETAIN_SELF = YES;
				CLANG_WARN_OBJC_LITERAL_CONVERSION = YES;
				CLANG_WARN_OBJC_ROOT_CLASS = YES_ERROR;
				CLANG_WARN_QUOTED_INCLUDE_IN_FRAMEWORK_HEADER = YES;
				CLANG_WARN_RANGE_LOOP_ANALYSIS = YES;
				CLANG_WARN_STRICT_PROTOTYPES = YES;
				CLANG_WARN_SUSPICIOUS_MOVE = YES;
				CLANG_WARN_UNGUARDED_AVAILABILITY = YES_AGGRESSIVE;
				CLANG_WARN_UNREACHABLE_CODE = YES;
				CLANG_WARN__DUPLICATE_METHOD_MATCH = YES;
				COPY_PHASE_STRIP = NO;
				DEBUG_INFORMATION_FORMAT = "dwarf-with-dsym";
				ENABLE_NS_ASSERTIONS = NO;
				ENABLE_STRICT_OBJC_MSGSEND = YES;
				GCC_C_LANGUAGE_STANDARD = gnu11;
				GCC_NO_COMMON_BLOCKS = YES;
				GCC_WARN_64_TO_32_BIT_CONVERSION = YES;
				GCC_WARN_ABOUT_RETURN_TYPE = YES_ERROR;
				GCC_WARN_UNDECLARED_SELECTOR = YES;
				GCC_WARN_UNINITIALIZED_AUTOS = YES_AGGRESSIVE;
				GCC_WARN_UNUSED_FUNCTION = YES;
				GCC_WARN_UNUSED_VARIABLE = YES;
				IPHONEOS_DEPLOYMENT_TARGET = 16.0;
				MTL_ENABLE_DEBUG_INFO = NO;
				MTL_FAST_MATH = YES;
				SDKROOT = iphoneos;
				SWIFT_COMPILATION_MODE = wholemodule;
				SWIFT_OPTIMIZATION_LEVEL = "-O";
				VALIDATE_PRODUCT = YES;
			};
			name = Release;
		};
		29954FD4283971440086949E /* Debug */ = {
			isa = XCBuildConfiguration;
			buildSettings = {
				ASSETCATALOG_COMPILER_APPICON_NAME = AppIcon;
				ASSETCATALOG_COMPILER_GLOBAL_ACCENT_COLOR_NAME = AccentColor;
				CODE_SIGN_STYLE = Automatic;
				CURRENT_PROJECT_VERSION = 1;
				DEVELOPMENT_TEAM = 7W5ZSCHZ2W;
				GENERATE_INFOPLIST_FILE = YES;
				INFOPLIST_FILE = "iOS-UIKit-Finance-App/Info.plist";
				INFOPLIST_KEY_UIApplicationSupportsIndirectInputEvents = YES;
				INFOPLIST_KEY_UILaunchStoryboardName = LaunchScreen;
				INFOPLIST_KEY_UISupportedInterfaceOrientations_iPad = "UIInterfaceOrientationPortrait UIInterfaceOrientationPortraitUpsideDown UIInterfaceOrientationLandscapeLeft UIInterfaceOrientationLandscapeRight";
				INFOPLIST_KEY_UISupportedInterfaceOrientations_iPhone = "UIInterfaceOrientationPortrait UIInterfaceOrientationLandscapeLeft UIInterfaceOrientationLandscapeRight";
				LD_RUNPATH_SEARCH_PATHS = (
					"$(inherited)",
					"@executable_path/Frameworks",
				);
				MARKETING_VERSION = 1.0;
				PRODUCT_BUNDLE_IDENTIFIER = "aleksander-michelson.iOS-UIKit-Finance-App";
				PRODUCT_NAME = "$(TARGET_NAME)";
				SWIFT_EMIT_LOC_STRINGS = YES;
				SWIFT_VERSION = 5.0;
				TARGETED_DEVICE_FAMILY = "1,2";
			};
			name = Debug;
		};
		29954FD5283971440086949E /* Release */ = {
			isa = XCBuildConfiguration;
			buildSettings = {
				ASSETCATALOG_COMPILER_APPICON_NAME = AppIcon;
				ASSETCATALOG_COMPILER_GLOBAL_ACCENT_COLOR_NAME = AccentColor;
				CODE_SIGN_STYLE = Automatic;
				CURRENT_PROJECT_VERSION = 1;
				DEVELOPMENT_TEAM = 7W5ZSCHZ2W;
				GENERATE_INFOPLIST_FILE = YES;
				INFOPLIST_FILE = "iOS-UIKit-Finance-App/Info.plist";
				INFOPLIST_KEY_UIApplicationSupportsIndirectInputEvents = YES;
				INFOPLIST_KEY_UILaunchStoryboardName = LaunchScreen;
				INFOPLIST_KEY_UISupportedInterfaceOrientations_iPad = "UIInterfaceOrientationPortrait UIInterfaceOrientationPortraitUpsideDown UIInterfaceOrientationLandscapeLeft UIInterfaceOrientationLandscapeRight";
				INFOPLIST_KEY_UISupportedInterfaceOrientations_iPhone = "UIInterfaceOrientationPortrait UIInterfaceOrientationLandscapeLeft UIInterfaceOrientationLandscapeRight";
				LD_RUNPATH_SEARCH_PATHS = (
					"$(inherited)",
					"@executable_path/Frameworks",
				);
				MARKETING_VERSION = 1.0;
				PRODUCT_BUNDLE_IDENTIFIER = "aleksander-michelson.iOS-UIKit-Finance-App";
				PRODUCT_NAME = "$(TARGET_NAME)";
				SWIFT_EMIT_LOC_STRINGS = YES;
				SWIFT_VERSION = 5.0;
				TARGETED_DEVICE_FAMILY = "1,2";
			};
			name = Release;
		};
/* End XCBuildConfiguration section */

/* Begin XCConfigurationList section */
		29954FB7283971430086949E /* Build configuration list for PBXProject "iOS-UIKit-Finance-App" */ = {
			isa = XCConfigurationList;
			buildConfigurations = (
				29954FD1283971440086949E /* Debug */,
				29954FD2283971440086949E /* Release */,
			);
			defaultConfigurationIsVisible = 0;
			defaultConfigurationName = Release;
		};
		29954FD3283971440086949E /* Build configuration list for PBXNativeTarget "iOS-UIKit-Finance-App" */ = {
			isa = XCConfigurationList;
			buildConfigurations = (
				29954FD4283971440086949E /* Debug */,
				29954FD5283971440086949E /* Release */,
			);
			defaultConfigurationIsVisible = 0;
			defaultConfigurationName = Release;
		};
/* End XCConfigurationList section */

/* Begin XCVersionGroup section */
		29954FC8283971430086949E /* iOS_UIKit_Finance_App.xcdatamodeld */ = {
			isa = XCVersionGroup;
			children = (
				29954FC9283971430086949E /* iOS_UIKit_Finance_App.xcdatamodel */,
			);
			currentVersion = 29954FC9283971430086949E /* iOS_UIKit_Finance_App.xcdatamodel */;
			path = iOS_UIKit_Finance_App.xcdatamodeld;
			sourceTree = "<group>";
			versionGroupType = wrapper.xcdatamodel;
		};
/* End XCVersionGroup section */
	};
	rootObject = 29954FB4283971430086949E /* Project object */;
}
