// !$*UTF8*$!
{
	archiveVersion = 1;
	classes = {
	};
	objectVersion = 55;
	objects = {

/* Begin PBXBuildFile section */
		292317D228397DD300460F81 /* OnboardingContainerViewController.swift in Sources */ = {isa = PBXBuildFile; fileRef = 292317D128397DD300460F81 /* OnboardingContainerViewController.swift */; };
		292317D428397DEE00460F81 /* OnboardingViewController.swift in Sources */ = {isa = PBXBuildFile; fileRef = 292317D328397DEE00460F81 /* OnboardingViewController.swift */; };
		292317D728397F2600460F81 /* LocalState.swift in Sources */ = {isa = PBXBuildFile; fileRef = 292317D628397F2600460F81 /* LocalState.swift */; };
		292317D9283981E900460F81 /* RequestWatchlistViewController.swift in Sources */ = {isa = PBXBuildFile; fileRef = 292317D8283981E900460F81 /* RequestWatchlistViewController.swift */; };
		292317DC28398E3A00460F81 /* APIService.swift in Sources */ = {isa = PBXBuildFile; fileRef = 292317DB28398E3A00460F81 /* APIService.swift */; };
		292317DF28398E6500460F81 /* SearchResults.swift in Sources */ = {isa = PBXBuildFile; fileRef = 292317DE28398E6500460F81 /* SearchResults.swift */; };
		292317E62839A1DD00460F81 /* Stock+CoreDataClass.swift in Sources */ = {isa = PBXBuildFile; fileRef = 292317E42839A1DD00460F81 /* Stock+CoreDataClass.swift */; };
		292317E72839A1DD00460F81 /* Stock+CoreDataProperties.swift in Sources */ = {isa = PBXBuildFile; fileRef = 292317E52839A1DD00460F81 /* Stock+CoreDataProperties.swift */; };
		29954FC0283971430086949E /* AppDelegate.swift in Sources */ = {isa = PBXBuildFile; fileRef = 29954FBF283971430086949E /* AppDelegate.swift */; };
		29954FC4283971430086949E /* ViewController.swift in Sources */ = {isa = PBXBuildFile; fileRef = 29954FC3283971430086949E /* ViewController.swift */; };
		29954FCA283971430086949E /* iOS_UIKit_Finance_App.xcdatamodeld in Sources */ = {isa = PBXBuildFile; fileRef = 29954FC8283971430086949E /* iOS_UIKit_Finance_App.xcdatamodeld */; };
		29954FCC283971440086949E /* Assets.xcassets in Resources */ = {isa = PBXBuildFile; fileRef = 29954FCB283971440086949E /* Assets.xcassets */; };
		29954FCF283971440086949E /* LaunchScreen.storyboard in Resources */ = {isa = PBXBuildFile; fileRef = 29954FCD283971440086949E /* LaunchScreen.storyboard */; };
/* End PBXBuildFile section */

/* Begin PBXFileReference section */
		292317D128397DD300460F81 /* OnboardingContainerViewController.swift */ = {isa = PBXFileReference; lastKnownFileType = sourcecode.swift; path = OnboardingContainerViewController.swift; sourceTree = "<group>"; };
		292317D328397DEE00460F81 /* OnboardingViewController.swift */ = {isa = PBXFileReference; lastKnownFileType = sourcecode.swift; path = OnboardingViewController.swift; sourceTree = "<group>"; };
		292317D628397F2600460F81 /* LocalState.swift */ = {isa = PBXFileReference; lastKnownFileType = sourcecode.swift; path = LocalState.swift; sourceTree = "<group>"; };
		292317D8283981E900460F81 /* RequestWatchlistViewController.swift */ = {isa = PBXFileReference; lastKnownFileType = sourcecode.swift; path = RequestWatchlistViewController.swift; sourceTree = "<group>"; };
		292317DB28398E3A00460F81 /* APIService.swift */ = {isa = PBXFileReference; lastKnownFileType = sourcecode.swift; path = APIService.swift; sourceTree = "<group>"; };
		292317DE28398E6500460F81 /* SearchResults.swift */ = {isa = PBXFileReference; lastKnownFileType = sourcecode.swift; path = SearchResults.swift; sourceTree = "<group>"; };
		292317E42839A1DD00460F81 /* Stock+CoreDataClass.swift */ = {isa = PBXFileReference; lastKnownFileType = sourcecode.swift; path = "Stock+CoreDataClass.swift"; sourceTree = "<group>"; };
		292317E52839A1DD00460F81 /* Stock+CoreDataProperties.swift */ = {isa = PBXFileReference; lastKnownFileType = sourcecode.swift; path = "Stock+CoreDataProperties.swift"; sourceTree = "<group>"; };
		29954FBC283971430086949E /* iOS-UIKit-Finance-App.app */ = {isa = PBXFileReference; explicitFileType = wrapper.application; includeInIndex = 0; path = "iOS-UIKit-Finance-App.app"; sourceTree = BUILT_PRODUCTS_DIR; };
		29954FBF283971430086949E /* AppDelegate.swift */ = {isa = PBXFileReference; lastKnownFileType = sourcecode.swift; path = AppDelegate.swift; sourceTree = "<group>"; };
		29954FC3283971430086949E /* ViewController.swift */ = {isa = PBXFileReference; lastKnownFileType = sourcecode.swift; path = ViewController.swift; sourceTree = "<group>"; };
		29954FC9283971430086949E /* iOS_UIKit_Finance_App.xcdatamodel */ = {isa = PBXFileReference; lastKnownFileType = wrapper.xcdatamodel; path = iOS_UIKit_Finance_App.xcdatamodel; sourceTree = "<group>"; };
		29954FCB283971440086949E /* Assets.xcassets */ = {isa = PBXFileReference; lastKnownFileType = folder.assetcatalog; path = Assets.xcassets; sourceTree = "<group>"; };
		29954FCE283971440086949E /* Base */ = {isa = PBXFileReference; lastKnownFileType = file.storyboard; name = Base; path = Base.lproj/LaunchScreen.storyboard; sourceTree = "<group>"; };
		29954FD0283971440086949E /* Info.plist */ = {isa = PBXFileReference; lastKnownFileType = text.plist.xml; path = Info.plist; sourceTree = "<group>"; };
/* End PBXFileReference section */

/* Begin PBXFrameworksBuildPhase section */
		29954FB9283971430086949E /* Frameworks */ = {
			isa = PBXFrameworksBuildPhase;
			buildActionMask = 2147483647;
			files = (
			);
			runOnlyForDeploymentPostprocessing = 0;
		};
/* End PBXFrameworksBuildPhase section */

/* Begin PBXGroup section */
		292317D028397D5600460F81 /* Onboarding */ = {
			isa = PBXGroup;
			children = (
				292317D128397DD300460F81 /* OnboardingContainerViewController.swift */,
				292317D328397DEE00460F81 /* OnboardingViewController.swift */,
				292317D8283981E900460F81 /* RequestWatchlistViewController.swift */,
			);
			path = Onboarding;
			sourceTree = "<group>";
		};
		292317D528397F1400460F81 /* Utilities */ = {
			isa = PBXGroup;
			children = (
				292317D628397F2600460F81 /* LocalState.swift */,
			);
			path = Utilities;
			sourceTree = "<group>";
		};
		292317DA28398E1200460F81 /* Service */ = {
			isa = PBXGroup;
			children = (
				292317DB28398E3A00460F81 /* APIService.swift */,
			);
			path = Service;
			sourceTree = "<group>";
		};
		292317DD28398E5200460F81 /* Model */ = {
			isa = PBXGroup;
			children = (
				292317DE28398E6500460F81 /* SearchResults.swift */,
			);
			path = Model;
			sourceTree = "<group>";
		};
		29954FB3283971430086949E = {
			isa = PBXGroup;
			children = (
				292317E42839A1DD00460F81 /* Stock+CoreDataClass.swift */,
				292317E52839A1DD00460F81 /* Stock+CoreDataProperties.swift */,
				29954FBE283971430086949E /* iOS-UIKit-Finance-App */,
				29954FBD283971430086949E /* Products */,
			);
			sourceTree = "<group>";
		};
		29954FBD283971430086949E /* Products */ = {
			isa = PBXGroup;
			children = (
				29954FBC283971430086949E /* iOS-UIKit-Finance-App.app */,
			);
			name = Products;
			sourceTree = "<group>";
		};
		29954FBE283971430086949E /* iOS-UIKit-Finance-App */ = {
			isa = PBXGroup;
			children = (
				292317DD28398E5200460F81 /* Model */,
				292317DA28398E1200460F81 /* Service */,
				292317D528397F1400460F81 /* Utilities */,
				292317D028397D5600460F81 /* Onboarding */,
				29954FBF283971430086949E /* AppDelegate.swift */,
				29954FC3283971430086949E /* ViewController.swift */,
				29954FCB283971440086949E /* Assets.xcassets */,
				29954FCD283971440086949E /* LaunchScreen.storyboard */,
				29954FD0283971440086949E /* Info.plist */,
				29954FC8283971430086949E /* iOS_UIKit_Finance_App.xcdatamodeld */,
			);
			path = "iOS-UIKit-Finance-App";
			sourceTree = "<group>";
		};
/* End PBXGroup section */

/* Begin PBXNativeTarget section */
		29954FBB283971430086949E /* iOS-UIKit-Finance-App */ = {
			isa = PBXNativeTarget;
			buildConfigurationList = 29954FD3283971440086949E /* Build configuration list for PBXNativeTarget "iOS-UIKit-Finance-App" */;
			buildPhases = (
				29954FB8283971430086949E /* Sources */,
				29954FB9283971430086949E /* Frameworks */,
				29954FBA283971430086949E /* Resources */,
			);
			buildRules = (
			);
			dependencies = (
			);
			name = "iOS-UIKit-Finance-App";
			productName = "iOS-UIKit-Finance-App";
			productReference = 29954FBC283971430086949E /* iOS-UIKit-Finance-App.app */;
			productType = "com.apple.product-type.application";
		};
/* End PBXNativeTarget section */

/* Begin PBXProject section */
		29954FB4283971430086949E /* Project object */ = {
			isa = PBXProject;
			attributes = {
				BuildIndependentTargetsInParallel = 1;
				LastSwiftUpdateCheck = 1320;
				LastUpgradeCheck = 1320;
				TargetAttributes = {
					29954FBB283971430086949E = {
						CreatedOnToolsVersion = 13.2.1;
					};
				};
			};
			buildConfigurationList = 29954FB7283971430086949E /* Build configuration list for PBXProject "iOS-UIKit-Finance-App" */;
			compatibilityVersion = "Xcode 13.0";
			developmentRegion = en;
			hasScannedForEncodings = 0;
			knownRegions = (
				en,
				Base,
			);
			mainGroup = 29954FB3283971430086949E;
			productRefGroup = 29954FBD283971430086949E /* Products */;
			projectDirPath = "";
			projectRoot = "";
			targets = (
				29954FBB283971430086949E /* iOS-UIKit-Finance-App */,
			);
		};
/* End PBXProject section */

/* Begin PBXResourcesBuildPhase section */
		29954FBA283971430086949E /* Resources */ = {
			isa = PBXResourcesBuildPhase;
			buildActionMask = 2147483647;
			files = (
				29954FCF283971440086949E /* LaunchScreen.storyboard in Resources */,
				29954FCC283971440086949E /* Assets.xcassets in Resources */,
			);
			runOnlyForDeploymentPostprocessing = 0;
		};
/* End PBXResourcesBuildPhase section */

/* Begin PBXSourcesBuildPhase section */
		29954FB8283971430086949E /* Sources */ = {
			isa = PBXSourcesBuildPhase;
			buildActionMask = 2147483647;
			files = (
				292317E62839A1DD00460F81 /* Stock+CoreDataClass.swift in Sources */,
				29954FC4283971430086949E /* ViewController.swift in Sources */,
				292317D728397F2600460F81 /* LocalState.swift in Sources */,
				29954FCA283971430086949E /* iOS_UIKit_Finance_App.xcdatamodeld in Sources */,
				292317D428397DEE00460F81 /* OnboardingViewController.swift in Sources */,
				292317D9283981E900460F81 /* RequestWatchlistViewController.swift in Sources */,
				292317E72839A1DD00460F81 /* Stock+CoreDataProperties.swift in Sources */,
				29954FC0283971430086949E /* AppDelegate.swift in Sources */,
				292317DC28398E3A00460F81 /* APIService.swift in Sources */,
				292317DF28398E6500460F81 /* SearchResults.swift in Sources */,
				292317D228397DD300460F81 /* OnboardingContainerViewController.swift in Sources */,
			);
			runOnlyForDeploymentPostprocessing = 0;
		};
/* End PBXSourcesBuildPhase section */

/* Begin PBXVariantGroup section */
		29954FCD283971440086949E /* LaunchScreen.storyboard */ = {
			isa = PBXVariantGroup;
			children = (
				29954FCE283971440086949E /* Base */,
			);
			name = LaunchScreen.storyboard;
			sourceTree = "<group>";
		};
/* End PBXVariantGroup section */

/* Begin XCBuildConfiguration section */
		29954FD1283971440086949E /* Debug */ = {
			isa = XCBuildConfiguration;
			buildSettings = {
				ALWAYS_SEARCH_USER_PATHS = NO;
				CLANG_ANALYZER_NONNULL = YES;
				CLANG_ANALYZER_NUMBER_OBJECT_CONVERSION = YES_AGGRESSIVE;
				CLANG_CXX_LANGUAGE_STANDARD = "gnu++17";
				CLANG_CXX_LIBRARY = "libc++";
				CLANG_ENABLE_MODULES = YES;
				CLANG_ENABLE_OBJC_ARC = YES;
				CLANG_ENABLE_OBJC_WEAK = YES;
				CLANG_WARN_BLOCK_CAPTURE_AUTORELEASING = YES;
				CLANG_WARN_BOOL_CONVERSION = YES;
				CLANG_WARN_COMMA = YES;
				CLANG_WARN_CONSTANT_CONVERSION = YES;
				CLANG_WARN_DEPRECATED_OBJC_IMPLEMENTATIONS = YES;
				CLANG_WARN_DIRECT_OBJC_ISA_USAGE = YES_ERROR;
				CLANG_WARN_DOCUMENTATION_COMMENTS = YES;
				CLANG_WARN_EMPTY_BODY = YES;
				CLANG_WARN_ENUM_CONVERSION = YES;
				CLANG_WARN_INFINITE_RECURSION = YES;
				CLANG_WARN_INT_CONVERSION = YES;
				CLANG_WARN_NON_LITERAL_NULL_CONVERSION = YES;
				CLANG_WARN_OBJC_IMPLICIT_RETAIN_SELF = YES;
				CLANG_WARN_OBJC_LITERAL_CONVERSION = YES;
				CLANG_WARN_OBJC_ROOT_CLASS = YES_ERROR;
				CLANG_WARN_QUOTED_INCLUDE_IN_FRAMEWORK_HEADER = YES;
				CLANG_WARN_RANGE_LOOP_ANALYSIS = YES;
				CLANG_WARN_STRICT_PROTOTYPES = YES;
				CLANG_WARN_SUSPICIOUS_MOVE = YES;
				CLANG_WARN_UNGUARDED_AVAILABILITY = YES_AGGRESSIVE;
				CLANG_WARN_UNREACHABLE_CODE = YES;
				CLANG_WARN__DUPLICATE_METHOD_MATCH = YES;
				COPY_PHASE_STRIP = NO;
				DEBUG_INFORMATION_FORMAT = dwarf;
				ENABLE_STRICT_OBJC_MSGSEND = YES;
				ENABLE_TESTABILITY = YES;
				GCC_C_LANGUAGE_STANDARD = gnu11;
				GCC_DYNAMIC_NO_PIC = NO;
				GCC_NO_COMMON_BLOCKS = YES;
				GCC_OPTIMIZATION_LEVEL = 0;
				GCC_PREPROCESSOR_DEFINITIONS = (
					"DEBUG=1",
					"$(inherited)",
				);
				GCC_WARN_64_TO_32_BIT_CONVERSION = YES;
				GCC_WARN_ABOUT_RETURN_TYPE = YES_ERROR;
				GCC_WARN_UNDECLARED_SELECTOR = YES;
				GCC_WARN_UNINITIALIZED_AUTOS = YES_AGGRESSIVE;
				GCC_WARN_UNUSED_FUNCTION = YES;
				GCC_WARN_UNUSED_VARIABLE = YES;
				IPHONEOS_DEPLOYMENT_TARGET = 15.2;
				MTL_ENABLE_DEBUG_INFO = INCLUDE_SOURCE;
				MTL_FAST_MATH = YES;
				ONLY_ACTIVE_ARCH = YES;
				SDKROOT = iphoneos;
				SWIFT_ACTIVE_COMPILATION_CONDITIONS = DEBUG;
				SWIFT_OPTIMIZATION_LEVEL = "-Onone";
			};
			name = Debug;
		};
		29954FD2283971440086949E /* Release */ = {
			isa = XCBuildConfiguration;
			buildSettings = {
				ALWAYS_SEARCH_USER_PATHS = NO;
				CLANG_ANALYZER_NONNULL = YES;
				CLANG_ANALYZER_NUMBER_OBJECT_CONVERSION = YES_AGGRESSIVE;
				CLANG_CXX_LANGUAGE_STANDARD = "gnu++17";
				CLANG_CXX_LIBRARY = "libc++";
				CLANG_ENABLE_MODULES = YES;
				CLANG_ENABLE_OBJC_ARC = YES;
				CLANG_ENABLE_OBJC_WEAK = YES;
				CLANG_WARN_BLOCK_CAPTURE_AUTORELEASING = YES;
				CLANG_WARN_BOOL_CONVERSION = YES;
				CLANG_WARN_COMMA = YES;
				CLANG_WARN_CONSTANT_CONVERSION = YES;
				CLANG_WARN_DEPRECATED_OBJC_IMPLEMENTATIONS = YES;
				CLANG_WARN_DIRECT_OBJC_ISA_USAGE = YES_ERROR;
				CLANG_WARN_DOCUMENTATION_COMMENTS = YES;
				CLANG_WARN_EMPTY_BODY = YES;
				CLANG_WARN_ENUM_CONVERSION = YES;
				CLANG_WARN_INFINITE_RECURSION = YES;
				CLANG_WARN_INT_CONVERSION = YES;
				CLANG_WARN_NON_LITERAL_NULL_CONVERSION = YES;
				CLANG_WARN_OBJC_IMPLICIT_RETAIN_SELF = YES;
				CLANG_WARN_OBJC_LITERAL_CONVERSION = YES;
				CLANG_WARN_OBJC_ROOT_CLASS = YES_ERROR;
				CLANG_WARN_QUOTED_INCLUDE_IN_FRAMEWORK_HEADER = YES;
				CLANG_WARN_RANGE_LOOP_ANALYSIS = YES;
				CLANG_WARN_STRICT_PROTOTYPES = YES;
				CLANG_WARN_SUSPICIOUS_MOVE = YES;
				CLANG_WARN_UNGUARDED_AVAILABILITY = YES_AGGRESSIVE;
				CLANG_WARN_UNREACHABLE_CODE = YES;
				CLANG_WARN__DUPLICATE_METHOD_MATCH = YES;
				COPY_PHASE_STRIP = NO;
				DEBUG_INFORMATION_FORMAT = "dwarf-with-dsym";
				ENABLE_NS_ASSERTIONS = NO;
				ENABLE_STRICT_OBJC_MSGSEND = YES;
				GCC_C_LANGUAGE_STANDARD = gnu11;
				GCC_NO_COMMON_BLOCKS = YES;
				GCC_WARN_64_TO_32_BIT_CONVERSION = YES;
				GCC_WARN_ABOUT_RETURN_TYPE = YES_ERROR;
				GCC_WARN_UNDECLARED_SELECTOR = YES;
				GCC_WARN_UNINITIALIZED_AUTOS = YES_AGGRESSIVE;
				GCC_WARN_UNUSED_FUNCTION = YES;
				GCC_WARN_UNUSED_VARIABLE = YES;
				IPHONEOS_DEPLOYMENT_TARGET = 15.2;
				MTL_ENABLE_DEBUG_INFO = NO;
				MTL_FAST_MATH = YES;
				SDKROOT = iphoneos;
				SWIFT_COMPILATION_MODE = wholemodule;
				SWIFT_OPTIMIZATION_LEVEL = "-O";
				VALIDATE_PRODUCT = YES;
			};
			name = Release;
		};
		29954FD4283971440086949E /* Debug */ = {
			isa = XCBuildConfiguration;
			buildSettings = {
				ASSETCATALOG_COMPILER_APPICON_NAME = AppIcon;
				ASSETCATALOG_COMPILER_GLOBAL_ACCENT_COLOR_NAME = AccentColor;
				CODE_SIGN_STYLE = Automatic;
				CURRENT_PROJECT_VERSION = 1;
				DEVELOPMENT_TEAM = 7W5ZSCHZ2W;
				GENERATE_INFOPLIST_FILE = YES;
				INFOPLIST_FILE = "iOS-UIKit-Finance-App/Info.plist";
				INFOPLIST_KEY_UIApplicationSupportsIndirectInputEvents = YES;
				INFOPLIST_KEY_UILaunchStoryboardName = LaunchScreen;
				INFOPLIST_KEY_UISupportedInterfaceOrientations_iPad = "UIInterfaceOrientationPortrait UIInterfaceOrientationPortraitUpsideDown UIInterfaceOrientationLandscapeLeft UIInterfaceOrientationLandscapeRight";
				INFOPLIST_KEY_UISupportedInterfaceOrientations_iPhone = "UIInterfaceOrientationPortrait UIInterfaceOrientationLandscapeLeft UIInterfaceOrientationLandscapeRight";
				LD_RUNPATH_SEARCH_PATHS = (
					"$(inherited)",
					"@executable_path/Frameworks",
				);
				MARKETING_VERSION = 1.0;
				PRODUCT_BUNDLE_IDENTIFIER = "aleksander-michelson.iOS-UIKit-Finance-App";
				PRODUCT_NAME = "$(TARGET_NAME)";
				SWIFT_EMIT_LOC_STRINGS = YES;
				SWIFT_VERSION = 5.0;
				TARGETED_DEVICE_FAMILY = "1,2";
			};
			name = Debug;
		};
		29954FD5283971440086949E /* Release */ = {
			isa = XCBuildConfiguration;
			buildSettings = {
				ASSETCATALOG_COMPILER_APPICON_NAME = AppIcon;
				ASSETCATALOG_COMPILER_GLOBAL_ACCENT_COLOR_NAME = AccentColor;
				CODE_SIGN_STYLE = Automatic;
				CURRENT_PROJECT_VERSION = 1;
				DEVELOPMENT_TEAM = 7W5ZSCHZ2W;
				GENERATE_INFOPLIST_FILE = YES;
				INFOPLIST_FILE = "iOS-UIKit-Finance-App/Info.plist";
				INFOPLIST_KEY_UIApplicationSupportsIndirectInputEvents = YES;
				INFOPLIST_KEY_UILaunchStoryboardName = LaunchScreen;
				INFOPLIST_KEY_UISupportedInterfaceOrientations_iPad = "UIInterfaceOrientationPortrait UIInterfaceOrientationPortraitUpsideDown UIInterfaceOrientationLandscapeLeft UIInterfaceOrientationLandscapeRight";
				INFOPLIST_KEY_UISupportedInterfaceOrientations_iPhone = "UIInterfaceOrientationPortrait UIInterfaceOrientationLandscapeLeft UIInterfaceOrientationLandscapeRight";
				LD_RUNPATH_SEARCH_PATHS = (
					"$(inherited)",
					"@executable_path/Frameworks",
				);
				MARKETING_VERSION = 1.0;
				PRODUCT_BUNDLE_IDENTIFIER = "aleksander-michelson.iOS-UIKit-Finance-App";
				PRODUCT_NAME = "$(TARGET_NAME)";
				SWIFT_EMIT_LOC_STRINGS = YES;
				SWIFT_VERSION = 5.0;
				TARGETED_DEVICE_FAMILY = "1,2";
			};
			name = Release;
		};
/* End XCBuildConfiguration section */

/* Begin XCConfigurationList section */
		29954FB7283971430086949E /* Build configuration list for PBXProject "iOS-UIKit-Finance-App" */ = {
			isa = XCConfigurationList;
			buildConfigurations = (
				29954FD1283971440086949E /* Debug */,
				29954FD2283971440086949E /* Release */,
			);
			defaultConfigurationIsVisible = 0;
			defaultConfigurationName = Release;
		};
		29954FD3283971440086949E /* Build configuration list for PBXNativeTarget "iOS-UIKit-Finance-App" */ = {
			isa = XCConfigurationList;
			buildConfigurations = (
				29954FD4283971440086949E /* Debug */,
				29954FD5283971440086949E /* Release */,
			);
			defaultConfigurationIsVisible = 0;
			defaultConfigurationName = Release;
		};
/* End XCConfigurationList section */

/* Begin XCVersionGroup section */
		29954FC8283971430086949E /* iOS_UIKit_Finance_App.xcdatamodeld */ = {
			isa = XCVersionGroup;
			children = (
				29954FC9283971430086949E /* iOS_UIKit_Finance_App.xcdatamodel */,
			);
			currentVersion = 29954FC9283971430086949E /* iOS_UIKit_Finance_App.xcdatamodel */;
			path = iOS_UIKit_Finance_App.xcdatamodeld;
			sourceTree = "<group>";
			versionGroupType = wrapper.xcdatamodel;
		};
/* End XCVersionGroup section */
	};
	rootObject = 29954FB4283971430086949E /* Project object */;
}
